// !$*UTF8*$!
{
	archiveVersion = 1;
	classes = {
	};
	objectVersion = 45;
	objects = {

/* Begin PBXBuildFile section */
		1D3623260D0F684500981E51 /* BuyingGuideAppDelegate.m in Sources */ = {isa = PBXBuildFile; fileRef = 1D3623250D0F684500981E51 /* BuyingGuideAppDelegate.m */; };
		1D60589B0D05DD56006BFB54 /* main.m in Sources */ = {isa = PBXBuildFile; fileRef = 29B97316FDCFA39411CA2CEA /* main.m */; };
		1D60589F0D05DD5A006BFB54 /* Foundation.framework in Frameworks */ = {isa = PBXBuildFile; fileRef = 1D30AB110D05D00D00671497 /* Foundation.framework */; };
		1DF5F4E00D08C38300B7A737 /* UIKit.framework in Frameworks */ = {isa = PBXBuildFile; fileRef = 1DF5F4DF0D08C38300B7A737 /* UIKit.framework */; };
		28860BE50F44EE6400985440 /* CoreData.framework in Frameworks */ = {isa = PBXBuildFile; fileRef = 28860BE40F44EE6400985440 /* CoreData.framework */; };
		2892E4100DC94CBA00A64D0F /* CoreGraphics.framework in Frameworks */ = {isa = PBXBuildFile; fileRef = 2892E40F0DC94CBA00A64D0F /* CoreGraphics.framework */; };
		28AD73600D9D9599002E5188 /* MainWindow.xib in Resources */ = {isa = PBXBuildFile; fileRef = 28AD735F0D9D9599002E5188 /* MainWindow.xib */; };
		28C286E10D94DF7D0034E888 /* CategoriesTableViewController.m in Sources */ = {isa = PBXBuildFile; fileRef = 28C286E00D94DF7D0034E888 /* CategoriesTableViewController.m */; };
		C4103F4F10B6FAD8004CEC15 /* KeyViewController.m in Sources */ = {isa = PBXBuildFile; fileRef = C4103F4E10B6FAD8004CEC15 /* KeyViewController.m */; };
		C4103F5010B6FAD8004CEC15 /* KeyViewController.m in Sources */ = {isa = PBXBuildFile; fileRef = C4103F4E10B6FAD8004CEC15 /* KeyViewController.m */; };
		C4103F5310B6FBBB004CEC15 /* KeyView.xib in Resources */ = {isa = PBXBuildFile; fileRef = C4103F5210B6FBBB004CEC15 /* KeyView.xib */; };
		C4103F5410B6FBBB004CEC15 /* KeyView.xib in Resources */ = {isa = PBXBuildFile; fileRef = C4103F5210B6FBBB004CEC15 /* KeyView.xib */; };
		C4103FA810B7120A004CEC15 /* NSSet+blocks.m in Sources */ = {isa = PBXBuildFile; fileRef = C4103FA510B7120A004CEC15 /* NSSet+blocks.m */; };
		C4103FA910B7120A004CEC15 /* NSArray+blocks.m in Sources */ = {isa = PBXBuildFile; fileRef = C4103FA710B7120A004CEC15 /* NSArray+blocks.m */; };
		C4103FB010B7125B004CEC15 /* BGImporter_main.m in Sources */ = {isa = PBXBuildFile; fileRef = C4103FAF10B7125B004CEC15 /* BGImporter_main.m */; };
		C4103FB310B712CE004CEC15 /* BGImporterCoreDataFunctions.m in Sources */ = {isa = PBXBuildFile; fileRef = C4103FB210B712CE004CEC15 /* BGImporterCoreDataFunctions.m */; };
		C4103FB410B7145B004CEC15 /* CoreDataFunctions.m in Sources */ = {isa = PBXBuildFile; fileRef = C4C031E010B1EBC1000D46AA /* CoreDataFunctions.m */; };
		C4103FBE10B71532004CEC15 /* InfoPlist.strings in Resources */ = {isa = PBXBuildFile; fileRef = C4103FBA10B71532004CEC15 /* InfoPlist.strings */; };
		C4103FBF10B71532004CEC15 /* MainMenu.xib in Resources */ = {isa = PBXBuildFile; fileRef = C4103FBC10B71532004CEC15 /* MainMenu.xib */; };
		C4103FE410B715B1004CEC15 /* Company.m in Sources */ = {isa = PBXBuildFile; fileRef = C4FA223110B5C81D0031303E /* Company.m */; };
		C4103FEE10B71670004CEC15 /* Cocoa.framework in Frameworks */ = {isa = PBXBuildFile; fileRef = C4103FED10B71670004CEC15 /* Cocoa.framework */; };
		C4103FF010B71670004CEC15 /* CoreData.framework in Frameworks */ = {isa = PBXBuildFile; fileRef = C4103FEF10B71670004CEC15 /* CoreData.framework */; };
		C4103FF210B71670004CEC15 /* Foundation.framework in Frameworks */ = {isa = PBXBuildFile; fileRef = C4103FF110B71670004CEC15 /* Foundation.framework */; };
		C410407910B718BE004CEC15 /* NSArray+FJSCoreDataExtensions.m in Sources */ = {isa = PBXBuildFile; fileRef = C4C031D310B1EB9B000D46AA /* NSArray+FJSCoreDataExtensions.m */; };
		C410407D10B718BE004CEC15 /* NSString+extensions.m in Sources */ = {isa = PBXBuildFile; fileRef = C4C031D710B1EB9B000D46AA /* NSString+extensions.m */; };
		C41040EF10B72EAA004CEC15 /* SDNextRunloopProxy.m in Sources */ = {isa = PBXBuildFile; fileRef = C41040EE10B72EAA004CEC15 /* SDNextRunloopProxy.m */; };
		C41040F010B72EAA004CEC15 /* SDNextRunloopProxy.m in Sources */ = {isa = PBXBuildFile; fileRef = C41040EE10B72EAA004CEC15 /* SDNextRunloopProxy.m */; };
		C41288DF10C82792007BB9A8 /* red.png in Resources */ = {isa = PBXBuildFile; fileRef = C41288DC10C82792007BB9A8 /* red.png */; };
		C41288E010C82792007BB9A8 /* green.png in Resources */ = {isa = PBXBuildFile; fileRef = C41288DD10C82792007BB9A8 /* green.png */; };
		C41288E110C82792007BB9A8 /* yellow.png in Resources */ = {isa = PBXBuildFile; fileRef = C41288DE10C82792007BB9A8 /* yellow.png */; };
		C41288E210C82792007BB9A8 /* red.png in Resources */ = {isa = PBXBuildFile; fileRef = C41288DC10C82792007BB9A8 /* red.png */; };
		C41288E310C82792007BB9A8 /* green.png in Resources */ = {isa = PBXBuildFile; fileRef = C41288DD10C82792007BB9A8 /* green.png */; };
		C41288E410C82792007BB9A8 /* yellow.png in Resources */ = {isa = PBXBuildFile; fileRef = C41288DE10C82792007BB9A8 /* yellow.png */; };
		C412894910C83102007BB9A8 /* FilteredCompaniesViewController.m in Sources */ = {isa = PBXBuildFile; fileRef = C412894810C83102007BB9A8 /* FilteredCompaniesViewController.m */; };
		C412894A10C83102007BB9A8 /* FilteredCompaniesViewController.m in Sources */ = {isa = PBXBuildFile; fileRef = C412894810C83102007BB9A8 /* FilteredCompaniesViewController.m */; };
		C4128BE910C86EBF007BB9A8 /* info2small.png in Resources */ = {isa = PBXBuildFile; fileRef = C4128BE810C86EBF007BB9A8 /* info2small.png */; };
		C4128BEA10C86EBF007BB9A8 /* info2small.png in Resources */ = {isa = PBXBuildFile; fileRef = C4128BE810C86EBF007BB9A8 /* info2small.png */; };
		C4274B6C10C4385D00ADF6EC /* NSManagedObjectContext+Extensions.m in Sources */ = {isa = PBXBuildFile; fileRef = C4274B6B10C4385D00ADF6EC /* NSManagedObjectContext+Extensions.m */; };
		C4274B6D10C4385D00ADF6EC /* NSManagedObjectContext+Extensions.m in Sources */ = {isa = PBXBuildFile; fileRef = C4274B6B10C4385D00ADF6EC /* NSManagedObjectContext+Extensions.m */; };
		C4340AE410B23D5B0049791D /* CompaniesTableViewController.m in Sources */ = {isa = PBXBuildFile; fileRef = C4340AE310B23D5B0049791D /* CompaniesTableViewController.m */; };
		C450241F10C454C3002D5175 /* HRC_Icon.png in Resources */ = {isa = PBXBuildFile; fileRef = C450241E10C454C3002D5175 /* HRC_Icon.png */; };
		C450242010C454C3002D5175 /* HRC_Icon.png in Resources */ = {isa = PBXBuildFile; fileRef = C450241E10C454C3002D5175 /* HRC_Icon.png */; };
		C45419FF10CEA442006A29A4 /* libPMAnalytics-r91.a in Frameworks */ = {isa = PBXBuildFile; fileRef = C45419FD10CEA442006A29A4 /* libPMAnalytics-r91.a */; };
		C4541A0010CEA442006A29A4 /* libPMAnalytics-r91.a in Frameworks */ = {isa = PBXBuildFile; fileRef = C45419FD10CEA442006A29A4 /* libPMAnalytics-r91.a */; };
		C4541A1710CEA4BB006A29A4 /* libsqlite3.dylib in Frameworks */ = {isa = PBXBuildFile; fileRef = C4541A1610CEA4BB006A29A4 /* libsqlite3.dylib */; };
		C4541A1910CEA4C6006A29A4 /* SystemConfiguration.framework in Frameworks */ = {isa = PBXBuildFile; fileRef = C4541A1810CEA4C6006A29A4 /* SystemConfiguration.framework */; };
		C4541A1D10CEA4D4006A29A4 /* CoreLocation.framework in Frameworks */ = {isa = PBXBuildFile; fileRef = C4541A1C10CEA4D4006A29A4 /* CoreLocation.framework */; };
		C4541A3710CEA4F4006A29A4 /* libsqlite3.dylib in Frameworks */ = {isa = PBXBuildFile; fileRef = C4541A1610CEA4BB006A29A4 /* libsqlite3.dylib */; };
		C4541A3810CEA4F4006A29A4 /* CoreLocation.framework in Frameworks */ = {isa = PBXBuildFile; fileRef = C4541A1C10CEA4D4006A29A4 /* CoreLocation.framework */; };
		C4541A3910CEA4F4006A29A4 /* SystemConfiguration.framework in Frameworks */ = {isa = PBXBuildFile; fileRef = C4541A1810CEA4C6006A29A4 /* SystemConfiguration.framework */; };
		C46D828010C9263500541CF1 /* FJSTableViewColorIndex.m in Sources */ = {isa = PBXBuildFile; fileRef = C46D827F10C9263500541CF1 /* FJSTableViewColorIndex.m */; };
		C46D828110C9263500541CF1 /* FJSTableViewColorIndex.m in Sources */ = {isa = PBXBuildFile; fileRef = C46D827F10C9263500541CF1 /* FJSTableViewColorIndex.m */; };
		C46D82BC10C92CEF00541CF1 /* QuartzCore.framework in Frameworks */ = {isa = PBXBuildFile; fileRef = C46D82BB10C92CEF00541CF1 /* QuartzCore.framework */; };
		C46D82E710C92D3800541CF1 /* QuartzCore.framework in Frameworks */ = {isa = PBXBuildFile; fileRef = C46D82BB10C92CEF00541CF1 /* QuartzCore.framework */; };
		C46D874410CC297600541CF1 /* slider.png in Resources */ = {isa = PBXBuildFile; fileRef = C46D874310CC297600541CF1 /* slider.png */; };
		C46D874510CC297600541CF1 /* slider.png in Resources */ = {isa = PBXBuildFile; fileRef = C46D874310CC297600541CF1 /* slider.png */; };
		C46D874810CC29A200541CF1 /* FJSTableViewImageIndex.m in Sources */ = {isa = PBXBuildFile; fileRef = C46D874710CC29A200541CF1 /* FJSTableViewImageIndex.m */; };
		C46D874910CC29A200541CF1 /* FJSTableViewImageIndex.m in Sources */ = {isa = PBXBuildFile; fileRef = C46D874710CC29A200541CF1 /* FJSTableViewImageIndex.m */; };
		C46D883710CC3D2C00541CF1 /* Brand.m in Sources */ = {isa = PBXBuildFile; fileRef = C46D883410CC3D2C00541CF1 /* Brand.m */; };
		C46D883910CC3D2C00541CF1 /* Brand.m in Sources */ = {isa = PBXBuildFile; fileRef = C46D883410CC3D2C00541CF1 /* Brand.m */; };
		C46D883B10CC3D2C00541CF1 /* Brand.m in Sources */ = {isa = PBXBuildFile; fileRef = C46D883410CC3D2C00541CF1 /* Brand.m */; };
		C46D884310CC3F2600541CF1 /* Category.m in Sources */ = {isa = PBXBuildFile; fileRef = C46D884210CC3F2600541CF1 /* Category.m */; };
		C46D884410CC3F2600541CF1 /* Category.m in Sources */ = {isa = PBXBuildFile; fileRef = C46D884210CC3F2600541CF1 /* Category.m */; };
		C46D884510CC3F2600541CF1 /* Category.m in Sources */ = {isa = PBXBuildFile; fileRef = C46D884210CC3F2600541CF1 /* Category.m */; };
		C46D8A2710CC60E600541CF1 /* emailConfused.txt in Resources */ = {isa = PBXBuildFile; fileRef = C46D8A2610CC60E600541CF1 /* emailConfused.txt */; };
		C46D8A2810CC60E600541CF1 /* emailConfused.txt in Resources */ = {isa = PBXBuildFile; fileRef = C46D8A2610CC60E600541CF1 /* emailConfused.txt */; };
		C46D8A2910CC60E600541CF1 /* emailConfused.txt in Resources */ = {isa = PBXBuildFile; fileRef = C46D8A2610CC60E600541CF1 /* emailConfused.txt */; };
		C474E3D610C703B400BFFFE8 /* bgdata.csv in Resources */ = {isa = PBXBuildFile; fileRef = C4C02DD110B1A83F000D46AA /* bgdata.csv */; };
		C474E43210C7076B00BFFFE8 /* storedata.sqlite in Resources */ = {isa = PBXBuildFile; fileRef = C474E43110C7076B00BFFFE8 /* storedata.sqlite */; };
		C474E43310C7076B00BFFFE8 /* storedata.sqlite in Resources */ = {isa = PBXBuildFile; fileRef = C474E43110C7076B00BFFFE8 /* storedata.sqlite */; };
		C474E43410C7076B00BFFFE8 /* storedata.sqlite in Resources */ = {isa = PBXBuildFile; fileRef = C474E43110C7076B00BFFFE8 /* storedata.sqlite */; };
		C4864DB110BC38200064A126 /* Information.png in Resources */ = {isa = PBXBuildFile; fileRef = C4864DB010BC38200064A126 /* Information.png */; };
		C4864DB210BC38200064A126 /* Information.png in Resources */ = {isa = PBXBuildFile; fileRef = C4864DB010BC38200064A126 /* Information.png */; };
		C4864DFB10BC3BDA0064A126 /* info.png in Resources */ = {isa = PBXBuildFile; fileRef = C4864DFA10BC3BDA0064A126 /* info.png */; };
		C4864DFC10BC3BDA0064A126 /* info.png in Resources */ = {isa = PBXBuildFile; fileRef = C4864DFA10BC3BDA0064A126 /* info.png */; };
		C4864E4910BC3DE10064A126 /* info2.png in Resources */ = {isa = PBXBuildFile; fileRef = C4864E4810BC3DE10064A126 /* info2.png */; };
		C4864E4A10BC3DE10064A126 /* info2.png in Resources */ = {isa = PBXBuildFile; fileRef = C4864E4810BC3DE10064A126 /* info2.png */; };
		C4864FFF10BC55F80064A126 /* PageTableViewController.m in Sources */ = {isa = PBXBuildFile; fileRef = C4864FFE10BC55F80064A126 /* PageTableViewController.m */; };
		C486500010BC55F80064A126 /* PageTableViewController.m in Sources */ = {isa = PBXBuildFile; fileRef = C4864FFE10BC55F80064A126 /* PageTableViewController.m */; };
		C486574610BD84FD0064A126 /* iphone_bottom-bar.png in Resources */ = {isa = PBXBuildFile; fileRef = C486574510BD84FD0064A126 /* iphone_bottom-bar.png */; };
		C486574710BD84FD0064A126 /* iphone_bottom-bar.png in Resources */ = {isa = PBXBuildFile; fileRef = C486574510BD84FD0064A126 /* iphone_bottom-bar.png */; };
		C48BBBD810C5791400F996C6 /* EmailIndifferent.txt in Resources */ = {isa = PBXBuildFile; fileRef = C48BBBD710C5791400F996C6 /* EmailIndifferent.txt */; };
		C48BBBD910C5791400F996C6 /* EmailIndifferent.txt in Resources */ = {isa = PBXBuildFile; fileRef = C48BBBD710C5791400F996C6 /* EmailIndifferent.txt */; };
		C48BBBE010C5792900F996C6 /* EmailSad.txt in Resources */ = {isa = PBXBuildFile; fileRef = C48BBBDF10C5792900F996C6 /* EmailSad.txt */; };
		C48BBBE110C5792900F996C6 /* EmailSad.txt in Resources */ = {isa = PBXBuildFile; fileRef = C48BBBDF10C5792900F996C6 /* EmailSad.txt */; };
		C48BBBF710C57FCE00F996C6 /* MessageUI.framework in Frameworks */ = {isa = PBXBuildFile; fileRef = C48BBBF610C57FCE00F996C6 /* MessageUI.framework */; };
		C48BBBFD10C57FE400F996C6 /* MessageUI.framework in Frameworks */ = {isa = PBXBuildFile; fileRef = C48BBBF610C57FCE00F996C6 /* MessageUI.framework */; };
		C48BBC7610C583F200F996C6 /* Default.png in Resources */ = {isa = PBXBuildFile; fileRef = C48BBC7510C583F200F996C6 /* Default.png */; };
		C48BBC7710C583F200F996C6 /* Default.png in Resources */ = {isa = PBXBuildFile; fileRef = C48BBC7510C583F200F996C6 /* Default.png */; };
		C492D5AF10BAF4490041400B /* DebugLog.m in Sources */ = {isa = PBXBuildFile; fileRef = C492D5AE10BAF4490041400B /* DebugLog.m */; };
		C492D5B010BAF4490041400B /* DebugLog.m in Sources */ = {isa = PBXBuildFile; fileRef = C492D5AE10BAF4490041400B /* DebugLog.m */; };
		C492D5B110BAF4490041400B /* DebugLog.m in Sources */ = {isa = PBXBuildFile; fileRef = C492D5AE10BAF4490041400B /* DebugLog.m */; };
		C492D86C10BB27FB0041400B /* Icon.png in Resources */ = {isa = PBXBuildFile; fileRef = C492D86B10BB27FB0041400B /* Icon.png */; };
		C492D86D10BB27FB0041400B /* Icon.png in Resources */ = {isa = PBXBuildFile; fileRef = C492D86B10BB27FB0041400B /* Icon.png */; };
		C4AAD3A510B26A8300D393AE /* FilteredCompaniesTableViewController.m in Sources */ = {isa = PBXBuildFile; fileRef = C4AAD3A410B26A8300D393AE /* FilteredCompaniesTableViewController.m */; };
		C4AFF94110B232F000801655 /* MainViewController.m in Sources */ = {isa = PBXBuildFile; fileRef = C4AFF94010B232F000801655 /* MainViewController.m */; };
		C4AFF99110B2388600801655 /* UIBarButtonItem+extensions.m in Sources */ = {isa = PBXBuildFile; fileRef = C4AFF99010B2388600801655 /* UIBarButtonItem+extensions.m */; };
		C4C02DD210B1A83F000D46AA /* bgdata.csv in Resources */ = {isa = PBXBuildFile; fileRef = C4C02DD110B1A83F000D46AA /* bgdata.csv */; };
		C4C031DA10B1EB9B000D46AA /* NSArray+FJSCoreDataExtensions.m in Sources */ = {isa = PBXBuildFile; fileRef = C4C031D310B1EB9B000D46AA /* NSArray+FJSCoreDataExtensions.m */; };
		C4C031DC10B1EB9B000D46AA /* NSString+extensions.m in Sources */ = {isa = PBXBuildFile; fileRef = C4C031D710B1EB9B000D46AA /* NSString+extensions.m */; };
		C4C031E110B1EBC1000D46AA /* CoreDataFunctions.m in Sources */ = {isa = PBXBuildFile; fileRef = C4C031E010B1EBC1000D46AA /* CoreDataFunctions.m */; };
		C4E6EC2D10C43935001F88C8 /* NSManagedObjectContext+Extensions.m in Sources */ = {isa = PBXBuildFile; fileRef = C4274B6B10C4385D00ADF6EC /* NSManagedObjectContext+Extensions.m */; };
		C4F31C6C10C41703004DF94F /* CompanyScoreCardView.xib in Resources */ = {isa = PBXBuildFile; fileRef = C4F31C6B10C41703004DF94F /* CompanyScoreCardView.xib */; };
		C4F31C6D10C41703004DF94F /* CompanyScoreCardView.xib in Resources */ = {isa = PBXBuildFile; fileRef = C4F31C6B10C41703004DF94F /* CompanyScoreCardView.xib */; };
		C4F31CE210C42089004DF94F /* EmailHappy.txt in Resources */ = {isa = PBXBuildFile; fileRef = C4F31CE110C42089004DF94F /* EmailHappy.txt */; };
		C4F31CE310C42089004DF94F /* EmailHappy.txt in Resources */ = {isa = PBXBuildFile; fileRef = C4F31CE110C42089004DF94F /* EmailHappy.txt */; };
		C4F31E1210C42EB2004DF94F /* BGImporter_AppDelegate.m in Sources */ = {isa = PBXBuildFile; fileRef = C4103FA210B711C7004CEC15 /* BGImporter_AppDelegate.m */; };
		C4F31E4310C42F95004DF94F /* BuyingGuide.xcdatamodel in Sources */ = {isa = PBXBuildFile; fileRef = C4AFF73710B1FE8E00801655 /* BuyingGuide.xcdatamodel */; };
		C4F31E5E10C431E4004DF94F /* BuyingGuide.xcdatamodel in Sources */ = {isa = PBXBuildFile; fileRef = C4AFF73710B1FE8E00801655 /* BuyingGuide.xcdatamodel */; };
		C4FA187810B2F4CE0031303E /* CompanyViewController.m in Sources */ = {isa = PBXBuildFile; fileRef = C4FA187610B2F4CE0031303E /* CompanyViewController.m */; };
		C4FA187910B2F4CE0031303E /* CompanyViewController.xib in Resources */ = {isa = PBXBuildFile; fileRef = C4FA187710B2F4CE0031303E /* CompanyViewController.xib */; };
		C4FA187D10B2F5050031303E /* CompanyScoreCardViewController.m in Sources */ = {isa = PBXBuildFile; fileRef = C4FA187C10B2F5050031303E /* CompanyScoreCardViewController.m */; };
		C4FA18CC10B308FB0031303E /* Company+Extensions.m in Sources */ = {isa = PBXBuildFile; fileRef = C4FA18CB10B308FB0031303E /* Company+Extensions.m */; };
		C4FA193510B30C180031303E /* DataSource.m in Sources */ = {isa = PBXBuildFile; fileRef = C4FA192F10B30C180031303E /* DataSource.m */; };
		C4FA193610B30C180031303E /* PagingScrollViewController.m in Sources */ = {isa = PBXBuildFile; fileRef = C4FA193110B30C180031303E /* PagingScrollViewController.m */; };
		C4FA193710B30C180031303E /* PageViewController.m in Sources */ = {isa = PBXBuildFile; fileRef = C4FA193310B30C180031303E /* PageViewController.m */; };
		C4FA1C7610B389EB0031303E /* PageView.xib in Resources */ = {isa = PBXBuildFile; fileRef = C4FA1C7510B389EB0031303E /* PageView.xib */; };
		C4FA1D5610B45DBB0031303E /* MainWindow.xib in Resources */ = {isa = PBXBuildFile; fileRef = 28AD735F0D9D9599002E5188 /* MainWindow.xib */; };
		C4FA1D5710B45DBB0031303E /* bgdata.csv in Resources */ = {isa = PBXBuildFile; fileRef = C4C02DD110B1A83F000D46AA /* bgdata.csv */; };
		C4FA1D5910B45DBB0031303E /* CompanyViewController.xib in Resources */ = {isa = PBXBuildFile; fileRef = C4FA187710B2F4CE0031303E /* CompanyViewController.xib */; };
		C4FA1D5A10B45DBB0031303E /* PageView.xib in Resources */ = {isa = PBXBuildFile; fileRef = C4FA1C7510B389EB0031303E /* PageView.xib */; };
		C4FA1D5C10B45DBB0031303E /* main.m in Sources */ = {isa = PBXBuildFile; fileRef = 29B97316FDCFA39411CA2CEA /* main.m */; };
		C4FA1D5D10B45DBB0031303E /* BuyingGuideAppDelegate.m in Sources */ = {isa = PBXBuildFile; fileRef = 1D3623250D0F684500981E51 /* BuyingGuideAppDelegate.m */; };
		C4FA1D5E10B45DBB0031303E /* CategoriesTableViewController.m in Sources */ = {isa = PBXBuildFile; fileRef = 28C286E00D94DF7D0034E888 /* CategoriesTableViewController.m */; };
		C4FA1D6110B45DBB0031303E /* NSArray+FJSCoreDataExtensions.m in Sources */ = {isa = PBXBuildFile; fileRef = C4C031D310B1EB9B000D46AA /* NSArray+FJSCoreDataExtensions.m */; };
		C4FA1D6310B45DBB0031303E /* NSString+extensions.m in Sources */ = {isa = PBXBuildFile; fileRef = C4C031D710B1EB9B000D46AA /* NSString+extensions.m */; };
		C4FA1D6410B45DBB0031303E /* CoreDataFunctions.m in Sources */ = {isa = PBXBuildFile; fileRef = C4C031E010B1EBC1000D46AA /* CoreDataFunctions.m */; };
		C4FA1D6510B45DBB0031303E /* BuyingGuide.xcdatamodel in Sources */ = {isa = PBXBuildFile; fileRef = C4AFF73710B1FE8E00801655 /* BuyingGuide.xcdatamodel */; };
		C4FA1D6610B45DBB0031303E /* MainViewController.m in Sources */ = {isa = PBXBuildFile; fileRef = C4AFF94010B232F000801655 /* MainViewController.m */; };
		C4FA1D6710B45DBB0031303E /* UIBarButtonItem+extensions.m in Sources */ = {isa = PBXBuildFile; fileRef = C4AFF99010B2388600801655 /* UIBarButtonItem+extensions.m */; };
		C4FA1D6810B45DBB0031303E /* CompaniesTableViewController.m in Sources */ = {isa = PBXBuildFile; fileRef = C4340AE310B23D5B0049791D /* CompaniesTableViewController.m */; };
		C4FA1D6A10B45DBB0031303E /* FilteredCompaniesTableViewController.m in Sources */ = {isa = PBXBuildFile; fileRef = C4AAD3A410B26A8300D393AE /* FilteredCompaniesTableViewController.m */; };
		C4FA1D6B10B45DBB0031303E /* CompanyViewController.m in Sources */ = {isa = PBXBuildFile; fileRef = C4FA187610B2F4CE0031303E /* CompanyViewController.m */; };
		C4FA1D6C10B45DBB0031303E /* CompanyScoreCardViewController.m in Sources */ = {isa = PBXBuildFile; fileRef = C4FA187C10B2F5050031303E /* CompanyScoreCardViewController.m */; };
		C4FA1D6D10B45DBB0031303E /* Company+Extensions.m in Sources */ = {isa = PBXBuildFile; fileRef = C4FA18CB10B308FB0031303E /* Company+Extensions.m */; };
		C4FA1D6E10B45DBB0031303E /* DataSource.m in Sources */ = {isa = PBXBuildFile; fileRef = C4FA192F10B30C180031303E /* DataSource.m */; };
		C4FA1D6F10B45DBB0031303E /* PagingScrollViewController.m in Sources */ = {isa = PBXBuildFile; fileRef = C4FA193110B30C180031303E /* PagingScrollViewController.m */; };
		C4FA1D7010B45DBB0031303E /* PageViewController.m in Sources */ = {isa = PBXBuildFile; fileRef = C4FA193310B30C180031303E /* PageViewController.m */; };
		C4FA1D7210B45DBB0031303E /* Foundation.framework in Frameworks */ = {isa = PBXBuildFile; fileRef = 1D30AB110D05D00D00671497 /* Foundation.framework */; };
		C4FA1D7310B45DBB0031303E /* UIKit.framework in Frameworks */ = {isa = PBXBuildFile; fileRef = 1DF5F4DF0D08C38300B7A737 /* UIKit.framework */; };
		C4FA1D7410B45DBB0031303E /* CoreGraphics.framework in Frameworks */ = {isa = PBXBuildFile; fileRef = 2892E40F0DC94CBA00A64D0F /* CoreGraphics.framework */; };
		C4FA1D7510B45DBB0031303E /* CoreData.framework in Frameworks */ = {isa = PBXBuildFile; fileRef = 28860BE40F44EE6400985440 /* CoreData.framework */; };
		C4FA1D8B10B45E770031303E /* Entitlements.plist in Resources */ = {isa = PBXBuildFile; fileRef = C4FA1D8A10B45E770031303E /* Entitlements.plist */; };
		C4FA200B10B4BA570031303E /* UIColor+extensions.m in Sources */ = {isa = PBXBuildFile; fileRef = C4FA200910B4BA570031303E /* UIColor+extensions.m */; };
		C4FA200C10B4BA570031303E /* UIView-Extensions.m in Sources */ = {isa = PBXBuildFile; fileRef = C4FA200A10B4BA570031303E /* UIView-Extensions.m */; };
		C4FA200D10B4BA570031303E /* UIColor+extensions.m in Sources */ = {isa = PBXBuildFile; fileRef = C4FA200910B4BA570031303E /* UIColor+extensions.m */; };
		C4FA200E10B4BA570031303E /* UIView-Extensions.m in Sources */ = {isa = PBXBuildFile; fileRef = C4FA200A10B4BA570031303E /* UIView-Extensions.m */; };
		C4FA223210B5C81D0031303E /* Company.m in Sources */ = {isa = PBXBuildFile; fileRef = C4FA223110B5C81D0031303E /* Company.m */; };
		C4FA223310B5C81D0031303E /* Company.m in Sources */ = {isa = PBXBuildFile; fileRef = C4FA223110B5C81D0031303E /* Company.m */; };
		C4FA235210B5DC8A0031303E /* iphone_bottom-bar-clear.png in Resources */ = {isa = PBXBuildFile; fileRef = C4FA235110B5DC8A0031303E /* iphone_bottom-bar-clear.png */; };
		C4FA235310B5DC8A0031303E /* iphone_bottom-bar-clear.png in Resources */ = {isa = PBXBuildFile; fileRef = C4FA235110B5DC8A0031303E /* iphone_bottom-bar-clear.png */; };
/* End PBXBuildFile section */

/* Begin PBXFileReference section */
		1D30AB110D05D00D00671497 /* Foundation.framework */ = {isa = PBXFileReference; lastKnownFileType = wrapper.framework; name = Foundation.framework; path = System/Library/Frameworks/Foundation.framework; sourceTree = SDKROOT; };
		1D3623240D0F684500981E51 /* BuyingGuideAppDelegate.h */ = {isa = PBXFileReference; fileEncoding = 4; lastKnownFileType = sourcecode.c.h; path = BuyingGuideAppDelegate.h; sourceTree = "<group>"; };
		1D3623250D0F684500981E51 /* BuyingGuideAppDelegate.m */ = {isa = PBXFileReference; fileEncoding = 4; lastKnownFileType = sourcecode.c.objc; path = BuyingGuideAppDelegate.m; sourceTree = "<group>"; };
		1D6058910D05DD3D006BFB54 /* BuyingGuide.app */ = {isa = PBXFileReference; explicitFileType = wrapper.application; includeInIndex = 0; path = BuyingGuide.app; sourceTree = BUILT_PRODUCTS_DIR; };
		1DF5F4DF0D08C38300B7A737 /* UIKit.framework */ = {isa = PBXFileReference; lastKnownFileType = wrapper.framework; name = UIKit.framework; path = System/Library/Frameworks/UIKit.framework; sourceTree = SDKROOT; };
		28860BE40F44EE6400985440 /* CoreData.framework */ = {isa = PBXFileReference; lastKnownFileType = wrapper.framework; name = CoreData.framework; path = System/Library/Frameworks/CoreData.framework; sourceTree = SDKROOT; };
		2892E40F0DC94CBA00A64D0F /* CoreGraphics.framework */ = {isa = PBXFileReference; lastKnownFileType = wrapper.framework; name = CoreGraphics.framework; path = System/Library/Frameworks/CoreGraphics.framework; sourceTree = SDKROOT; };
		28A0AAE50D9B0CCF005BE974 /* BuyingGuide_Prefix.pch */ = {isa = PBXFileReference; fileEncoding = 4; lastKnownFileType = sourcecode.c.h; path = BuyingGuide_Prefix.pch; sourceTree = "<group>"; };
		28AD735F0D9D9599002E5188 /* MainWindow.xib */ = {isa = PBXFileReference; lastKnownFileType = file.xib; name = MainWindow.xib; path = ../MainWindow.xib; sourceTree = "<group>"; };
		28C286DF0D94DF7D0034E888 /* CategoriesTableViewController.h */ = {isa = PBXFileReference; fileEncoding = 4; lastKnownFileType = sourcecode.c.h; path = CategoriesTableViewController.h; sourceTree = "<group>"; };
		28C286E00D94DF7D0034E888 /* CategoriesTableViewController.m */ = {isa = PBXFileReference; fileEncoding = 4; lastKnownFileType = sourcecode.c.objc; path = CategoriesTableViewController.m; sourceTree = "<group>"; };
		29B97316FDCFA39411CA2CEA /* main.m */ = {isa = PBXFileReference; fileEncoding = 4; lastKnownFileType = sourcecode.c.objc; path = main.m; sourceTree = "<group>"; };
		8D1107310486CEB800E47090 /* BuyingGuide-Info.plist */ = {isa = PBXFileReference; fileEncoding = 4; lastKnownFileType = text.plist.xml; name = "BuyingGuide-Info.plist"; path = "../BuyingGuide-Info.plist"; plistStructureDefinitionIdentifier = "com.apple.xcode.plist.structure-definition.iphone.info-plist"; sourceTree = "<group>"; };
		C4103F4D10B6FAD8004CEC15 /* KeyViewController.h */ = {isa = PBXFileReference; fileEncoding = 4; lastKnownFileType = sourcecode.c.h; path = KeyViewController.h; sourceTree = "<group>"; };
		C4103F4E10B6FAD8004CEC15 /* KeyViewController.m */ = {isa = PBXFileReference; fileEncoding = 4; lastKnownFileType = sourcecode.c.objc; path = KeyViewController.m; sourceTree = "<group>"; };
		C4103F5210B6FBBB004CEC15 /* KeyView.xib */ = {isa = PBXFileReference; lastKnownFileType = file.xib; path = KeyView.xib; sourceTree = "<group>"; };
		C4103F7810B71083004CEC15 /* BGImporter.app */ = {isa = PBXFileReference; explicitFileType = wrapper.application; includeInIndex = 0; path = BGImporter.app; sourceTree = BUILT_PRODUCTS_DIR; };
		C4103FA110B711C7004CEC15 /* BGImporter_AppDelegate.h */ = {isa = PBXFileReference; lastKnownFileType = sourcecode.c.h; path = BGImporter_AppDelegate.h; sourceTree = "<group>"; };
		C4103FA210B711C7004CEC15 /* BGImporter_AppDelegate.m */ = {isa = PBXFileReference; lastKnownFileType = sourcecode.c.objc; path = BGImporter_AppDelegate.m; sourceTree = "<group>"; };
		C4103FA410B7120A004CEC15 /* NSSet+blocks.h */ = {isa = PBXFileReference; fileEncoding = 4; lastKnownFileType = sourcecode.c.h; path = "NSSet+blocks.h"; sourceTree = "<group>"; };
		C4103FA510B7120A004CEC15 /* NSSet+blocks.m */ = {isa = PBXFileReference; fileEncoding = 4; lastKnownFileType = sourcecode.c.objc; path = "NSSet+blocks.m"; sourceTree = "<group>"; };
		C4103FA610B7120A004CEC15 /* NSArray+blocks.h */ = {isa = PBXFileReference; fileEncoding = 4; lastKnownFileType = sourcecode.c.h; path = "NSArray+blocks.h"; sourceTree = "<group>"; };
		C4103FA710B7120A004CEC15 /* NSArray+blocks.m */ = {isa = PBXFileReference; fileEncoding = 4; lastKnownFileType = sourcecode.c.objc; path = "NSArray+blocks.m"; sourceTree = "<group>"; };
		C4103FAF10B7125B004CEC15 /* BGImporter_main.m */ = {isa = PBXFileReference; fileEncoding = 4; lastKnownFileType = sourcecode.c.objc; path = BGImporter_main.m; sourceTree = "<group>"; };
		C4103FB110B712CE004CEC15 /* BGImporterCoreDataFunctions.h */ = {isa = PBXFileReference; fileEncoding = 4; lastKnownFileType = sourcecode.c.h; path = BGImporterCoreDataFunctions.h; sourceTree = "<group>"; };
		C4103FB210B712CE004CEC15 /* BGImporterCoreDataFunctions.m */ = {isa = PBXFileReference; fileEncoding = 4; lastKnownFileType = sourcecode.c.objc; path = BGImporterCoreDataFunctions.m; sourceTree = "<group>"; };
		C4103FBB10B71532004CEC15 /* English */ = {isa = PBXFileReference; fileEncoding = 4; lastKnownFileType = text.plist.strings; name = English; path = InfoPlist.strings; sourceTree = "<group>"; };
		C4103FBD10B71532004CEC15 /* English */ = {isa = PBXFileReference; lastKnownFileType = file.xib; name = English; path = MainMenu.xib; sourceTree = "<group>"; };
		C4103FED10B71670004CEC15 /* Cocoa.framework */ = {isa = PBXFileReference; lastKnownFileType = wrapper.framework; name = Cocoa.framework; path = System/Library/Frameworks/Cocoa.framework; sourceTree = SDKROOT; };
		C4103FEF10B71670004CEC15 /* CoreData.framework */ = {isa = PBXFileReference; lastKnownFileType = wrapper.framework; name = CoreData.framework; path = System/Library/Frameworks/CoreData.framework; sourceTree = SDKROOT; };
		C4103FF110B71670004CEC15 /* Foundation.framework */ = {isa = PBXFileReference; lastKnownFileType = wrapper.framework; name = Foundation.framework; path = System/Library/Frameworks/Foundation.framework; sourceTree = SDKROOT; };
		C410407110B7180D004CEC15 /* BGImporter_Prefix.pch */ = {isa = PBXFileReference; fileEncoding = 4; lastKnownFileType = sourcecode.c.h; path = BGImporter_Prefix.pch; sourceTree = "<group>"; };
		C410407510B7187F004CEC15 /* BGImporter-Info.plist */ = {isa = PBXFileReference; fileEncoding = 4; lastKnownFileType = text.plist.xml; path = "BGImporter-Info.plist"; sourceTree = "<group>"; };
		C41040ED10B72EAA004CEC15 /* SDNextRunloopProxy.h */ = {isa = PBXFileReference; fileEncoding = 4; lastKnownFileType = sourcecode.c.h; path = SDNextRunloopProxy.h; sourceTree = "<group>"; };
		C41040EE10B72EAA004CEC15 /* SDNextRunloopProxy.m */ = {isa = PBXFileReference; fileEncoding = 4; lastKnownFileType = sourcecode.c.objc; path = SDNextRunloopProxy.m; sourceTree = "<group>"; };
		C41288DC10C82792007BB9A8 /* red.png */ = {isa = PBXFileReference; lastKnownFileType = image.png; path = red.png; sourceTree = "<group>"; };
		C41288DD10C82792007BB9A8 /* green.png */ = {isa = PBXFileReference; lastKnownFileType = image.png; path = green.png; sourceTree = "<group>"; };
		C41288DE10C82792007BB9A8 /* yellow.png */ = {isa = PBXFileReference; lastKnownFileType = image.png; path = yellow.png; sourceTree = "<group>"; };
		C412894710C83102007BB9A8 /* FilteredCompaniesViewController.h */ = {isa = PBXFileReference; fileEncoding = 4; lastKnownFileType = sourcecode.c.h; path = FilteredCompaniesViewController.h; sourceTree = "<group>"; };
		C412894810C83102007BB9A8 /* FilteredCompaniesViewController.m */ = {isa = PBXFileReference; fileEncoding = 4; lastKnownFileType = sourcecode.c.objc; path = FilteredCompaniesViewController.m; sourceTree = "<group>"; };
		C4128BE810C86EBF007BB9A8 /* info2small.png */ = {isa = PBXFileReference; lastKnownFileType = image.png; path = info2small.png; sourceTree = "<group>"; };
		C4274B6A10C4385D00ADF6EC /* NSManagedObjectContext+Extensions.h */ = {isa = PBXFileReference; fileEncoding = 4; lastKnownFileType = sourcecode.c.h; path = "NSManagedObjectContext+Extensions.h"; sourceTree = "<group>"; };
		C4274B6B10C4385D00ADF6EC /* NSManagedObjectContext+Extensions.m */ = {isa = PBXFileReference; fileEncoding = 4; lastKnownFileType = sourcecode.c.objc; path = "NSManagedObjectContext+Extensions.m"; sourceTree = "<group>"; };
		C4340AE210B23D5B0049791D /* CompaniesTableViewController.h */ = {isa = PBXFileReference; fileEncoding = 4; lastKnownFileType = sourcecode.c.h; path = CompaniesTableViewController.h; sourceTree = "<group>"; };
		C4340AE310B23D5B0049791D /* CompaniesTableViewController.m */ = {isa = PBXFileReference; fileEncoding = 4; lastKnownFileType = sourcecode.c.objc; path = CompaniesTableViewController.m; sourceTree = "<group>"; };
		C450241E10C454C3002D5175 /* HRC_Icon.png */ = {isa = PBXFileReference; lastKnownFileType = image.png; path = HRC_Icon.png; sourceTree = "<group>"; };
		C45419FD10CEA442006A29A4 /* libPMAnalytics-r91.a */ = {isa = PBXFileReference; lastKnownFileType = archive.ar; path = "libPMAnalytics-r91.a"; sourceTree = "<group>"; };
		C45419FE10CEA442006A29A4 /* Beacon.h */ = {isa = PBXFileReference; fileEncoding = 4; lastKnownFileType = sourcecode.c.h; path = Beacon.h; sourceTree = "<group>"; };
		C4541A1610CEA4BB006A29A4 /* libsqlite3.dylib */ = {isa = PBXFileReference; lastKnownFileType = "compiled.mach-o.dylib"; name = libsqlite3.dylib; path = usr/lib/libsqlite3.dylib; sourceTree = SDKROOT; };
		C4541A1810CEA4C6006A29A4 /* SystemConfiguration.framework */ = {isa = PBXFileReference; lastKnownFileType = wrapper.framework; name = SystemConfiguration.framework; path = System/Library/Frameworks/SystemConfiguration.framework; sourceTree = SDKROOT; };
		C4541A1C10CEA4D4006A29A4 /* CoreLocation.framework */ = {isa = PBXFileReference; lastKnownFileType = wrapper.framework; name = CoreLocation.framework; path = System/Library/Frameworks/CoreLocation.framework; sourceTree = SDKROOT; };
		C46D827E10C9263500541CF1 /* FJSTableViewColorIndex.h */ = {isa = PBXFileReference; fileEncoding = 4; lastKnownFileType = sourcecode.c.h; path = FJSTableViewColorIndex.h; sourceTree = "<group>"; };
		C46D827F10C9263500541CF1 /* FJSTableViewColorIndex.m */ = {isa = PBXFileReference; fileEncoding = 4; lastKnownFileType = sourcecode.c.objc; path = FJSTableViewColorIndex.m; sourceTree = "<group>"; };
		C46D82BB10C92CEF00541CF1 /* QuartzCore.framework */ = {isa = PBXFileReference; lastKnownFileType = wrapper.framework; name = QuartzCore.framework; path = System/Library/Frameworks/QuartzCore.framework; sourceTree = SDKROOT; };
		C46D874310CC297600541CF1 /* slider.png */ = {isa = PBXFileReference; lastKnownFileType = image.png; path = slider.png; sourceTree = "<group>"; };
		C46D874610CC29A200541CF1 /* FJSTableViewImageIndex.h */ = {isa = PBXFileReference; fileEncoding = 4; lastKnownFileType = sourcecode.c.h; path = FJSTableViewImageIndex.h; sourceTree = "<group>"; };
		C46D874710CC29A200541CF1 /* FJSTableViewImageIndex.m */ = {isa = PBXFileReference; fileEncoding = 4; lastKnownFileType = sourcecode.c.objc; path = FJSTableViewImageIndex.m; sourceTree = "<group>"; };
		C46D883310CC3D2C00541CF1 /* Brand.h */ = {isa = PBXFileReference; fileEncoding = 4; lastKnownFileType = sourcecode.c.h; path = Brand.h; sourceTree = "<group>"; };
		C46D883410CC3D2C00541CF1 /* Brand.m */ = {isa = PBXFileReference; fileEncoding = 4; lastKnownFileType = sourcecode.c.objc; path = Brand.m; sourceTree = "<group>"; };
		C46D884110CC3F2600541CF1 /* Category.h */ = {isa = PBXFileReference; fileEncoding = 4; lastKnownFileType = sourcecode.c.h; path = Category.h; sourceTree = "<group>"; };
		C46D884210CC3F2600541CF1 /* Category.m */ = {isa = PBXFileReference; fileEncoding = 4; lastKnownFileType = sourcecode.c.objc; path = Category.m; sourceTree = "<group>"; };
		C46D8A2610CC60E600541CF1 /* emailConfused.txt */ = {isa = PBXFileReference; fileEncoding = 4; lastKnownFileType = text; path = emailConfused.txt; sourceTree = "<group>"; };
		C474E43110C7076B00BFFFE8 /* storedata.sqlite */ = {isa = PBXFileReference; lastKnownFileType = file; path = storedata.sqlite; sourceTree = "<group>"; };
		C4864DB010BC38200064A126 /* Information.png */ = {isa = PBXFileReference; lastKnownFileType = image.png; path = Information.png; sourceTree = "<group>"; };
		C4864DFA10BC3BDA0064A126 /* info.png */ = {isa = PBXFileReference; lastKnownFileType = image.png; path = info.png; sourceTree = "<group>"; };
		C4864E4810BC3DE10064A126 /* info2.png */ = {isa = PBXFileReference; lastKnownFileType = image.png; path = info2.png; sourceTree = "<group>"; };
		C4864FFD10BC55F80064A126 /* PageTableViewController.h */ = {isa = PBXFileReference; fileEncoding = 4; lastKnownFileType = sourcecode.c.h; path = PageTableViewController.h; sourceTree = "<group>"; };
		C4864FFE10BC55F80064A126 /* PageTableViewController.m */ = {isa = PBXFileReference; fileEncoding = 4; lastKnownFileType = sourcecode.c.objc; path = PageTableViewController.m; sourceTree = "<group>"; };
		C486574510BD84FD0064A126 /* iphone_bottom-bar.png */ = {isa = PBXFileReference; lastKnownFileType = image.png; path = "iphone_bottom-bar.png"; sourceTree = "<group>"; };
		C48BBBD710C5791400F996C6 /* EmailIndifferent.txt */ = {isa = PBXFileReference; fileEncoding = 4; lastKnownFileType = text; path = EmailIndifferent.txt; sourceTree = "<group>"; };
		C48BBBDF10C5792900F996C6 /* EmailSad.txt */ = {isa = PBXFileReference; fileEncoding = 4; lastKnownFileType = text; path = EmailSad.txt; sourceTree = "<group>"; };
		C48BBBF610C57FCE00F996C6 /* MessageUI.framework */ = {isa = PBXFileReference; lastKnownFileType = wrapper.framework; name = MessageUI.framework; path = System/Library/Frameworks/MessageUI.framework; sourceTree = SDKROOT; };
		C48BBC7510C583F200F996C6 /* Default.png */ = {isa = PBXFileReference; lastKnownFileType = image.png; path = Default.png; sourceTree = "<group>"; };
		C492D5AC10BAF4490041400B /* MacroUtilities.h */ = {isa = PBXFileReference; fileEncoding = 4; lastKnownFileType = sourcecode.c.h; path = MacroUtilities.h; sourceTree = "<group>"; };
		C492D5AD10BAF4490041400B /* DebugLog.h */ = {isa = PBXFileReference; fileEncoding = 4; lastKnownFileType = sourcecode.c.h; path = DebugLog.h; sourceTree = "<group>"; };
		C492D5AE10BAF4490041400B /* DebugLog.m */ = {isa = PBXFileReference; fileEncoding = 4; lastKnownFileType = sourcecode.c.objc; path = DebugLog.m; sourceTree = "<group>"; };
		C492D86B10BB27FB0041400B /* Icon.png */ = {isa = PBXFileReference; lastKnownFileType = image.png; path = Icon.png; sourceTree = "<group>"; };
		C4AAD3A310B26A8300D393AE /* FilteredCompaniesTableViewController.h */ = {isa = PBXFileReference; fileEncoding = 4; lastKnownFileType = sourcecode.c.h; path = FilteredCompaniesTableViewController.h; sourceTree = "<group>"; };
		C4AAD3A410B26A8300D393AE /* FilteredCompaniesTableViewController.m */ = {isa = PBXFileReference; fileEncoding = 4; lastKnownFileType = sourcecode.c.objc; path = FilteredCompaniesTableViewController.m; sourceTree = "<group>"; };
		C4AFF73710B1FE8E00801655 /* BuyingGuide.xcdatamodel */ = {isa = PBXFileReference; fileEncoding = 4; lastKnownFileType = wrapper.xcdatamodel; path = BuyingGuide.xcdatamodel; sourceTree = "<group>"; };
		C4AFF93F10B232F000801655 /* MainViewController.h */ = {isa = PBXFileReference; fileEncoding = 4; lastKnownFileType = sourcecode.c.h; path = MainViewController.h; sourceTree = "<group>"; };
		C4AFF94010B232F000801655 /* MainViewController.m */ = {isa = PBXFileReference; fileEncoding = 4; lastKnownFileType = sourcecode.c.objc; path = MainViewController.m; sourceTree = "<group>"; };
		C4AFF98F10B2388600801655 /* UIBarButtonItem+extensions.h */ = {isa = PBXFileReference; fileEncoding = 4; lastKnownFileType = sourcecode.c.h; name = "UIBarButtonItem+extensions.h"; path = "Classes/UIBarButtonItem+extensions.h"; sourceTree = "<group>"; };
		C4AFF99010B2388600801655 /* UIBarButtonItem+extensions.m */ = {isa = PBXFileReference; fileEncoding = 4; lastKnownFileType = sourcecode.c.objc; name = "UIBarButtonItem+extensions.m"; path = "Classes/UIBarButtonItem+extensions.m"; sourceTree = "<group>"; };
		C4C02DD110B1A83F000D46AA /* bgdata.csv */ = {isa = PBXFileReference; fileEncoding = 4; lastKnownFileType = text; path = bgdata.csv; sourceTree = "<group>"; };
		C4C031D210B1EB9B000D46AA /* NSArray+FJSCoreDataExtensions.h */ = {isa = PBXFileReference; fileEncoding = 4; lastKnownFileType = sourcecode.c.h; path = "NSArray+FJSCoreDataExtensions.h"; sourceTree = "<group>"; };
		C4C031D310B1EB9B000D46AA /* NSArray+FJSCoreDataExtensions.m */ = {isa = PBXFileReference; fileEncoding = 4; lastKnownFileType = sourcecode.c.objc; path = "NSArray+FJSCoreDataExtensions.m"; sourceTree = "<group>"; };
		C4C031D610B1EB9B000D46AA /* NSString+extensions.h */ = {isa = PBXFileReference; fileEncoding = 4; lastKnownFileType = sourcecode.c.h; path = "NSString+extensions.h"; sourceTree = "<group>"; };
		C4C031D710B1EB9B000D46AA /* NSString+extensions.m */ = {isa = PBXFileReference; fileEncoding = 4; lastKnownFileType = sourcecode.c.objc; path = "NSString+extensions.m"; sourceTree = "<group>"; };
		C4C031DF10B1EBC1000D46AA /* CoreDataFunctions.h */ = {isa = PBXFileReference; fileEncoding = 4; lastKnownFileType = sourcecode.c.h; path = CoreDataFunctions.h; sourceTree = "<group>"; };
		C4C031E010B1EBC1000D46AA /* CoreDataFunctions.m */ = {isa = PBXFileReference; fileEncoding = 4; lastKnownFileType = sourcecode.c.objc; path = CoreDataFunctions.m; sourceTree = "<group>"; };
		C4F31C6B10C41703004DF94F /* CompanyScoreCardView.xib */ = {isa = PBXFileReference; lastKnownFileType = file.xib; path = CompanyScoreCardView.xib; sourceTree = "<group>"; };
		C4F31CE110C42089004DF94F /* EmailHappy.txt */ = {isa = PBXFileReference; fileEncoding = 4; lastKnownFileType = text; path = EmailHappy.txt; sourceTree = "<group>"; };
		C4FA187510B2F4CE0031303E /* CompanyViewController.h */ = {isa = PBXFileReference; fileEncoding = 4; lastKnownFileType = sourcecode.c.h; path = CompanyViewController.h; sourceTree = "<group>"; };
		C4FA187610B2F4CE0031303E /* CompanyViewController.m */ = {isa = PBXFileReference; fileEncoding = 4; lastKnownFileType = sourcecode.c.objc; path = CompanyViewController.m; sourceTree = "<group>"; };
		C4FA187710B2F4CE0031303E /* CompanyViewController.xib */ = {isa = PBXFileReference; lastKnownFileType = file.xib; path = CompanyViewController.xib; sourceTree = "<group>"; };
		C4FA187B10B2F5050031303E /* CompanyScoreCardViewController.h */ = {isa = PBXFileReference; fileEncoding = 4; lastKnownFileType = sourcecode.c.h; path = CompanyScoreCardViewController.h; sourceTree = "<group>"; };
		C4FA187C10B2F5050031303E /* CompanyScoreCardViewController.m */ = {isa = PBXFileReference; fileEncoding = 4; lastKnownFileType = sourcecode.c.objc; path = CompanyScoreCardViewController.m; sourceTree = "<group>"; };
		C4FA18CA10B308FB0031303E /* Company+Extensions.h */ = {isa = PBXFileReference; fileEncoding = 4; lastKnownFileType = sourcecode.c.h; path = "Company+Extensions.h"; sourceTree = "<group>"; };
		C4FA18CB10B308FB0031303E /* Company+Extensions.m */ = {isa = PBXFileReference; fileEncoding = 4; lastKnownFileType = sourcecode.c.objc; path = "Company+Extensions.m"; sourceTree = "<group>"; };
		C4FA192E10B30C180031303E /* DataSource.h */ = {isa = PBXFileReference; fileEncoding = 4; lastKnownFileType = sourcecode.c.h; path = DataSource.h; sourceTree = "<group>"; };
		C4FA192F10B30C180031303E /* DataSource.m */ = {isa = PBXFileReference; fileEncoding = 4; lastKnownFileType = sourcecode.c.objc; path = DataSource.m; sourceTree = "<group>"; };
		C4FA193010B30C180031303E /* PagingScrollViewController.h */ = {isa = PBXFileReference; fileEncoding = 4; lastKnownFileType = sourcecode.c.h; path = PagingScrollViewController.h; sourceTree = "<group>"; };
		C4FA193110B30C180031303E /* PagingScrollViewController.m */ = {isa = PBXFileReference; fileEncoding = 4; lastKnownFileType = sourcecode.c.objc; path = PagingScrollViewController.m; sourceTree = "<group>"; };
		C4FA193210B30C180031303E /* PageViewController.h */ = {isa = PBXFileReference; fileEncoding = 4; lastKnownFileType = sourcecode.c.h; path = PageViewController.h; sourceTree = "<group>"; };
		C4FA193310B30C180031303E /* PageViewController.m */ = {isa = PBXFileReference; fileEncoding = 4; lastKnownFileType = sourcecode.c.objc; path = PageViewController.m; sourceTree = "<group>"; };
		C4FA1C7510B389EB0031303E /* PageView.xib */ = {isa = PBXFileReference; lastKnownFileType = file.xib; path = PageView.xib; sourceTree = "<group>"; };
		C4FA1D7910B45DBB0031303E /* BuyingGuideDev.app */ = {isa = PBXFileReference; explicitFileType = wrapper.application; includeInIndex = 0; path = BuyingGuideDev.app; sourceTree = BUILT_PRODUCTS_DIR; };
		C4FA1D7B10B45DBB0031303E /* BuyingGuide-FJS-Info.plist */ = {isa = PBXFileReference; lastKnownFileType = text.plist.xml; name = "BuyingGuide-FJS-Info.plist"; path = "../BuyingGuide-FJS-Info.plist"; sourceTree = "<group>"; };
		C4FA1D8A10B45E770031303E /* Entitlements.plist */ = {isa = PBXFileReference; fileEncoding = 4; lastKnownFileType = text.plist.xml; path = Entitlements.plist; sourceTree = "<group>"; };
		C4FA200710B4BA570031303E /* UIView-Extensions.h */ = {isa = PBXFileReference; fileEncoding = 4; lastKnownFileType = sourcecode.c.h; path = "UIView-Extensions.h"; sourceTree = "<group>"; };
		C4FA200810B4BA570031303E /* UIColor+extensions.h */ = {isa = PBXFileReference; fileEncoding = 4; lastKnownFileType = sourcecode.c.h; path = "UIColor+extensions.h"; sourceTree = "<group>"; };
		C4FA200910B4BA570031303E /* UIColor+extensions.m */ = {isa = PBXFileReference; fileEncoding = 4; lastKnownFileType = sourcecode.c.objc; path = "UIColor+extensions.m"; sourceTree = "<group>"; };
		C4FA200A10B4BA570031303E /* UIView-Extensions.m */ = {isa = PBXFileReference; fileEncoding = 4; lastKnownFileType = sourcecode.c.objc; path = "UIView-Extensions.m"; sourceTree = "<group>"; };
		C4FA223010B5C81D0031303E /* Company.h */ = {isa = PBXFileReference; fileEncoding = 4; lastKnownFileType = sourcecode.c.h; path = Company.h; sourceTree = "<group>"; };
		C4FA223110B5C81D0031303E /* Company.m */ = {isa = PBXFileReference; fileEncoding = 4; lastKnownFileType = sourcecode.c.objc; path = Company.m; sourceTree = "<group>"; };
		C4FA235110B5DC8A0031303E /* iphone_bottom-bar-clear.png */ = {isa = PBXFileReference; lastKnownFileType = image.png; path = "iphone_bottom-bar-clear.png"; sourceTree = "<group>"; };
/* End PBXFileReference section */

/* Begin PBXFrameworksBuildPhase section */
		1D60588F0D05DD3D006BFB54 /* Frameworks */ = {
			isa = PBXFrameworksBuildPhase;
			buildActionMask = 2147483647;
			files = (
				C4541A0010CEA442006A29A4 /* libPMAnalytics-r91.a in Frameworks */,
				C46D82E710C92D3800541CF1 /* QuartzCore.framework in Frameworks */,
				1D60589F0D05DD5A006BFB54 /* Foundation.framework in Frameworks */,
				1DF5F4E00D08C38300B7A737 /* UIKit.framework in Frameworks */,
				2892E4100DC94CBA00A64D0F /* CoreGraphics.framework in Frameworks */,
				28860BE50F44EE6400985440 /* CoreData.framework in Frameworks */,
				C48BBBF710C57FCE00F996C6 /* MessageUI.framework in Frameworks */,
				C4541A1710CEA4BB006A29A4 /* libsqlite3.dylib in Frameworks */,
				C4541A1910CEA4C6006A29A4 /* SystemConfiguration.framework in Frameworks */,
				C4541A1D10CEA4D4006A29A4 /* CoreLocation.framework in Frameworks */,
			);
			runOnlyForDeploymentPostprocessing = 0;
		};
		C4103F7610B71083004CEC15 /* Frameworks */ = {
			isa = PBXFrameworksBuildPhase;
			buildActionMask = 2147483647;
			files = (
				C4103FEE10B71670004CEC15 /* Cocoa.framework in Frameworks */,
				C4103FF010B71670004CEC15 /* CoreData.framework in Frameworks */,
				C4103FF210B71670004CEC15 /* Foundation.framework in Frameworks */,
			);
			runOnlyForDeploymentPostprocessing = 0;
		};
		C4FA1D7110B45DBB0031303E /* Frameworks */ = {
			isa = PBXFrameworksBuildPhase;
			buildActionMask = 2147483647;
			files = (
				C4541A3710CEA4F4006A29A4 /* libsqlite3.dylib in Frameworks */,
				C4541A3810CEA4F4006A29A4 /* CoreLocation.framework in Frameworks */,
				C4541A3910CEA4F4006A29A4 /* SystemConfiguration.framework in Frameworks */,
				C45419FF10CEA442006A29A4 /* libPMAnalytics-r91.a in Frameworks */,
				C48BBBFD10C57FE400F996C6 /* MessageUI.framework in Frameworks */,
				C4FA1D7210B45DBB0031303E /* Foundation.framework in Frameworks */,
				C4FA1D7310B45DBB0031303E /* UIKit.framework in Frameworks */,
				C4FA1D7410B45DBB0031303E /* CoreGraphics.framework in Frameworks */,
				C4FA1D7510B45DBB0031303E /* CoreData.framework in Frameworks */,
				C46D82BC10C92CEF00541CF1 /* QuartzCore.framework in Frameworks */,
			);
			runOnlyForDeploymentPostprocessing = 0;
		};
/* End PBXFrameworksBuildPhase section */

/* Begin PBXGroup section */
		19C28FACFE9D520D11CA2CBB /* Products */ = {
			isa = PBXGroup;
			children = (
				1D6058910D05DD3D006BFB54 /* BuyingGuide.app */,
				C4FA1D7910B45DBB0031303E /* BuyingGuideDev.app */,
				C4103F7810B71083004CEC15 /* BGImporter.app */,
			);
			name = Products;
			sourceTree = "<group>";
		};
		29B97314FDCFA39411CA2CEA /* CustomTemplate */ = {
			isa = PBXGroup;
			children = (
				C4AFF95710B2344200801655 /* Main VIew */,
				C4AFF95510B233F000801655 /* Categories List View */,
				C4340AE510B23D620049791D /* Companies List View */,
				C412894B10C83107007BB9A8 /* Filtered List View */,
				C4FA187A10B2F4D30031303E /* Company */,
				C4F31C6A10C416C9004DF94F /* Score Card */,
				C4103F5110B6FADF004CEC15 /* Key */,
				C4AFF95610B2342800801655 /* Application Level */,
				C46D828210C9263B00541CF1 /* Custom Controls */,
				C4C031DE10B1EBAA000D46AA /* Categories */,
				C4C02C4B10B0F413000D46AA /* Core Data */,
				C4FA235410B5DC8E0031303E /* Images */,
				C48BBBE310C57A0F00F996C6 /* Email text */,
				29B97315FDCFA39411CA2CEA /* Other Sources */,
				C4103FA010B711AD004CEC15 /* BGImporter */,
				29B97323FDCFA39411CA2CEA /* Frameworks */,
				19C28FACFE9D520D11CA2CBB /* Products */,
			);
			name = CustomTemplate;
			sourceTree = "<group>";
		};
		29B97315FDCFA39411CA2CEA /* Other Sources */ = {
			isa = PBXGroup;
			children = (
				C4FA1D8A10B45E770031303E /* Entitlements.plist */,
				28A0AAE50D9B0CCF005BE974 /* BuyingGuide_Prefix.pch */,
				29B97316FDCFA39411CA2CEA /* main.m */,
			);
			name = "Other Sources";
			sourceTree = "<group>";
		};
		29B97323FDCFA39411CA2CEA /* Frameworks */ = {
			isa = PBXGroup;
			children = (
				C45419FD10CEA442006A29A4 /* libPMAnalytics-r91.a */,
				C45419FE10CEA442006A29A4 /* Beacon.h */,
				C410405B10B71679004CEC15 /* Cocoa */,
				C404437E10B0743700BCCFEC /* Cocoa */,
				C40443DC10B0744700BCCFEC /* Cocoa Touch */,
			);
			name = Frameworks;
			sourceTree = "<group>";
		};
		C404437E10B0743700BCCFEC /* Cocoa */ = {
			isa = PBXGroup;
			children = (
				C4103FEF10B71670004CEC15 /* CoreData.framework */,
				C4103FF110B71670004CEC15 /* Foundation.framework */,
				C4103FED10B71670004CEC15 /* Cocoa.framework */,
			);
			name = Cocoa;
			sourceTree = "<group>";
		};
		C40443DC10B0744700BCCFEC /* Cocoa Touch */ = {
			isa = PBXGroup;
			children = (
				C4541A1610CEA4BB006A29A4 /* libsqlite3.dylib */,
				C4541A1C10CEA4D4006A29A4 /* CoreLocation.framework */,
				C4541A1810CEA4C6006A29A4 /* SystemConfiguration.framework */,
				C46D82BB10C92CEF00541CF1 /* QuartzCore.framework */,
				C48BBBF610C57FCE00F996C6 /* MessageUI.framework */,
				1DF5F4DF0D08C38300B7A737 /* UIKit.framework */,
				1D30AB110D05D00D00671497 /* Foundation.framework */,
				2892E40F0DC94CBA00A64D0F /* CoreGraphics.framework */,
				28860BE40F44EE6400985440 /* CoreData.framework */,
			);
			name = "Cocoa Touch";
			sourceTree = "<group>";
		};
		C4103F5110B6FADF004CEC15 /* Key */ = {
			isa = PBXGroup;
			children = (
				C4103F4D10B6FAD8004CEC15 /* KeyViewController.h */,
				C4103F4E10B6FAD8004CEC15 /* KeyViewController.m */,
				C4103F5210B6FBBB004CEC15 /* KeyView.xib */,
			);
			name = Key;
			sourceTree = "<group>";
		};
		C4103FA010B711AD004CEC15 /* BGImporter */ = {
			isa = PBXGroup;
			children = (
				C4103FA310B711F8004CEC15 /* Categories */,
				C4103FBA10B71532004CEC15 /* InfoPlist.strings */,
				C4103FBC10B71532004CEC15 /* MainMenu.xib */,
				C410407110B7180D004CEC15 /* BGImporter_Prefix.pch */,
				C410407510B7187F004CEC15 /* BGImporter-Info.plist */,
				C4103FA110B711C7004CEC15 /* BGImporter_AppDelegate.h */,
				C4103FA210B711C7004CEC15 /* BGImporter_AppDelegate.m */,
				C4103FAF10B7125B004CEC15 /* BGImporter_main.m */,
				C4103FB110B712CE004CEC15 /* BGImporterCoreDataFunctions.h */,
				C4103FB210B712CE004CEC15 /* BGImporterCoreDataFunctions.m */,
			);
			name = BGImporter;
			sourceTree = "<group>";
		};
		C4103FA310B711F8004CEC15 /* Categories */ = {
			isa = PBXGroup;
			children = (
				C4103FA410B7120A004CEC15 /* NSSet+blocks.h */,
				C4103FA510B7120A004CEC15 /* NSSet+blocks.m */,
				C4103FA610B7120A004CEC15 /* NSArray+blocks.h */,
				C4103FA710B7120A004CEC15 /* NSArray+blocks.m */,
			);
			name = Categories;
			sourceTree = "<group>";
		};
		C410405B10B71679004CEC15 /* Cocoa */ = {
			isa = PBXGroup;
			children = (
			);
			name = Cocoa;
			sourceTree = "<group>";
		};
		C412894B10C83107007BB9A8 /* Filtered List View */ = {
			isa = PBXGroup;
			children = (
				C412894710C83102007BB9A8 /* FilteredCompaniesViewController.h */,
				C412894810C83102007BB9A8 /* FilteredCompaniesViewController.m */,
				C4AAD3A310B26A8300D393AE /* FilteredCompaniesTableViewController.h */,
				C4AAD3A410B26A8300D393AE /* FilteredCompaniesTableViewController.m */,
			);
			name = "Filtered List View";
			path = Classes;
			sourceTree = "<group>";
		};
		C4340AE510B23D620049791D /* Companies List View */ = {
			isa = PBXGroup;
			children = (
				C4340AE210B23D5B0049791D /* CompaniesTableViewController.h */,
				C4340AE310B23D5B0049791D /* CompaniesTableViewController.m */,
			);
			name = "Companies List View";
			path = Classes;
			sourceTree = "<group>";
		};
		C46D828210C9263B00541CF1 /* Custom Controls */ = {
			isa = PBXGroup;
			children = (
				C46D827E10C9263500541CF1 /* FJSTableViewColorIndex.h */,
				C46D827F10C9263500541CF1 /* FJSTableViewColorIndex.m */,
				C46D874610CC29A200541CF1 /* FJSTableViewImageIndex.h */,
				C46D874710CC29A200541CF1 /* FJSTableViewImageIndex.m */,
			);
			name = "Custom Controls";
			sourceTree = "<group>";
		};
		C48BBBE310C57A0F00F996C6 /* Email text */ = {
			isa = PBXGroup;
			children = (
				C4F31CE110C42089004DF94F /* EmailHappy.txt */,
				C48BBBD710C5791400F996C6 /* EmailIndifferent.txt */,
				C48BBBDF10C5792900F996C6 /* EmailSad.txt */,
				C46D8A2610CC60E600541CF1 /* emailConfused.txt */,
			);
			name = "Email text";
			sourceTree = "<group>";
		};
		C4AFF95510B233F000801655 /* Categories List View */ = {
			isa = PBXGroup;
			children = (
				28C286DF0D94DF7D0034E888 /* CategoriesTableViewController.h */,
				28C286E00D94DF7D0034E888 /* CategoriesTableViewController.m */,
			);
			name = "Categories List View";
			path = Classes;
			sourceTree = "<group>";
		};
		C4AFF95610B2342800801655 /* Application Level */ = {
			isa = PBXGroup;
			children = (
				C492D5AC10BAF4490041400B /* MacroUtilities.h */,
				C492D5AD10BAF4490041400B /* DebugLog.h */,
				C492D5AE10BAF4490041400B /* DebugLog.m */,
				1D3623240D0F684500981E51 /* BuyingGuideAppDelegate.h */,
				1D3623250D0F684500981E51 /* BuyingGuideAppDelegate.m */,
				28AD735F0D9D9599002E5188 /* MainWindow.xib */,
				8D1107310486CEB800E47090 /* BuyingGuide-Info.plist */,
				C4FA1D7B10B45DBB0031303E /* BuyingGuide-FJS-Info.plist */,
			);
			name = "Application Level";
			path = Classes;
			sourceTree = "<group>";
		};
		C4AFF95710B2344200801655 /* Main VIew */ = {
			isa = PBXGroup;
			children = (
				C4AFF93F10B232F000801655 /* MainViewController.h */,
				C4AFF94010B232F000801655 /* MainViewController.m */,
			);
			name = "Main VIew";
			path = Classes;
			sourceTree = "<group>";
		};
		C4C02C4B10B0F413000D46AA /* Core Data */ = {
			isa = PBXGroup;
			children = (
				C46D884110CC3F2600541CF1 /* Category.h */,
				C46D884210CC3F2600541CF1 /* Category.m */,
				C46D883310CC3D2C00541CF1 /* Brand.h */,
				C46D883410CC3D2C00541CF1 /* Brand.m */,
				C4FA223010B5C81D0031303E /* Company.h */,
				C4FA223110B5C81D0031303E /* Company.m */,
				C4AFF73710B1FE8E00801655 /* BuyingGuide.xcdatamodel */,
				C474E43110C7076B00BFFFE8 /* storedata.sqlite */,
				C4C02DD110B1A83F000D46AA /* bgdata.csv */,
				C4C031DF10B1EBC1000D46AA /* CoreDataFunctions.h */,
				C4C031E010B1EBC1000D46AA /* CoreDataFunctions.m */,
				C4274B6A10C4385D00ADF6EC /* NSManagedObjectContext+Extensions.h */,
				C4274B6B10C4385D00ADF6EC /* NSManagedObjectContext+Extensions.m */,
				C4C031D210B1EB9B000D46AA /* NSArray+FJSCoreDataExtensions.h */,
				C4C031D310B1EB9B000D46AA /* NSArray+FJSCoreDataExtensions.m */,
				C4FA18CA10B308FB0031303E /* Company+Extensions.h */,
				C4FA18CB10B308FB0031303E /* Company+Extensions.m */,
			);
			name = "Core Data";
			sourceTree = "<group>";
		};
		C4C031DE10B1EBAA000D46AA /* Categories */ = {
			isa = PBXGroup;
			children = (
				C41040ED10B72EAA004CEC15 /* SDNextRunloopProxy.h */,
				C41040EE10B72EAA004CEC15 /* SDNextRunloopProxy.m */,
				C4FA200810B4BA570031303E /* UIColor+extensions.h */,
				C4FA200910B4BA570031303E /* UIColor+extensions.m */,
				C4FA200710B4BA570031303E /* UIView-Extensions.h */,
				C4FA200A10B4BA570031303E /* UIView-Extensions.m */,
				C4AFF98F10B2388600801655 /* UIBarButtonItem+extensions.h */,
				C4AFF99010B2388600801655 /* UIBarButtonItem+extensions.m */,
				C4C031D610B1EB9B000D46AA /* NSString+extensions.h */,
				C4C031D710B1EB9B000D46AA /* NSString+extensions.m */,
			);
			name = Categories;
			sourceTree = "<group>";
		};
		C4F31C6A10C416C9004DF94F /* Score Card */ = {
			isa = PBXGroup;
			children = (
				C4FA187B10B2F5050031303E /* CompanyScoreCardViewController.h */,
				C4FA187C10B2F5050031303E /* CompanyScoreCardViewController.m */,
				C4F31C6B10C41703004DF94F /* CompanyScoreCardView.xib */,
			);
			name = "Score Card";
			path = Classes;
			sourceTree = "<group>";
		};
		C4FA187A10B2F4D30031303E /* Company */ = {
			isa = PBXGroup;
			children = (
				C4FA187510B2F4CE0031303E /* CompanyViewController.h */,
				C4FA187610B2F4CE0031303E /* CompanyViewController.m */,
				C4FA187710B2F4CE0031303E /* CompanyViewController.xib */,
				C4FA193810B30C200031303E /* Brand Scroll View */,
			);
			name = Company;
			path = Classes;
			sourceTree = "<group>";
		};
		C4FA193810B30C200031303E /* Brand Scroll View */ = {
			isa = PBXGroup;
			children = (
				C4FA192E10B30C180031303E /* DataSource.h */,
				C4FA192F10B30C180031303E /* DataSource.m */,
				C4FA193010B30C180031303E /* PagingScrollViewController.h */,
				C4FA193110B30C180031303E /* PagingScrollViewController.m */,
				C4FA1C9C10B38F2A0031303E /* Category Table */,
			);
			name = "Brand Scroll View";
			sourceTree = "<group>";
		};
		C4FA1C9C10B38F2A0031303E /* Category Table */ = {
			isa = PBXGroup;
			children = (
				C4FA193210B30C180031303E /* PageViewController.h */,
				C4FA193310B30C180031303E /* PageViewController.m */,
				C4864FFD10BC55F80064A126 /* PageTableViewController.h */,
				C4864FFE10BC55F80064A126 /* PageTableViewController.m */,
				C4FA1C7510B389EB0031303E /* PageView.xib */,
			);
			name = "Category Table";
			sourceTree = "<group>";
		};
		C4FA235410B5DC8E0031303E /* Images */ = {
			isa = PBXGroup;
			children = (
				C46D874310CC297600541CF1 /* slider.png */,
				C41288DC10C82792007BB9A8 /* red.png */,
				C41288DD10C82792007BB9A8 /* green.png */,
				C41288DE10C82792007BB9A8 /* yellow.png */,
				C48BBC7510C583F200F996C6 /* Default.png */,
				C450241E10C454C3002D5175 /* HRC_Icon.png */,
				C486574510BD84FD0064A126 /* iphone_bottom-bar.png */,
				C4864DFA10BC3BDA0064A126 /* info.png */,
				C4864E4810BC3DE10064A126 /* info2.png */,
				C4128BE810C86EBF007BB9A8 /* info2small.png */,
				C4864DB010BC38200064A126 /* Information.png */,
				C492D86B10BB27FB0041400B /* Icon.png */,
				C4FA235110B5DC8A0031303E /* iphone_bottom-bar-clear.png */,
			);
			name = Images;
			sourceTree = "<group>";
		};
/* End PBXGroup section */

/* Begin PBXNativeTarget section */
		1D6058900D05DD3D006BFB54 /* BuyingGuide */ = {
			isa = PBXNativeTarget;
			buildConfigurationList = 1D6058960D05DD3E006BFB54 /* Build configuration list for PBXNativeTarget "BuyingGuide" */;
			buildPhases = (
				1D60588D0D05DD3D006BFB54 /* Resources */,
				1D60588E0D05DD3D006BFB54 /* Sources */,
				1D60588F0D05DD3D006BFB54 /* Frameworks */,
			);
			buildRules = (
			);
			dependencies = (
			);
			name = BuyingGuide;
			productName = BuyingGuide;
			productReference = 1D6058910D05DD3D006BFB54 /* BuyingGuide.app */;
			productType = "com.apple.product-type.application";
		};
		C4103F7710B71083004CEC15 /* BGImporter */ = {
			isa = PBXNativeTarget;
			buildConfigurationList = C4103F7E10B71084004CEC15 /* Build configuration list for PBXNativeTarget "BGImporter" */;
			buildPhases = (
				C4103F7410B71083004CEC15 /* Resources */,
				C4103F7510B71083004CEC15 /* Sources */,
				C4103F7610B71083004CEC15 /* Frameworks */,
			);
			buildRules = (
			);
			dependencies = (
			);
			name = BGImporter;
			productName = BGImporter;
			productReference = C4103F7810B71083004CEC15 /* BGImporter.app */;
			productType = "com.apple.product-type.application";
		};
		C4FA1D5410B45DBB0031303E /* BuyingGuide FJS */ = {
			isa = PBXNativeTarget;
			buildConfigurationList = C4FA1D7610B45DBB0031303E /* Build configuration list for PBXNativeTarget "BuyingGuide FJS" */;
			buildPhases = (
				C4FA1D5510B45DBB0031303E /* Resources */,
				C4FA1D5B10B45DBB0031303E /* Sources */,
				C4FA1D7110B45DBB0031303E /* Frameworks */,
			);
			buildRules = (
			);
			dependencies = (
			);
			name = "BuyingGuide FJS";
			productName = BuyingGuide;
			productReference = C4FA1D7910B45DBB0031303E /* BuyingGuideDev.app */;
			productType = "com.apple.product-type.application";
		};
/* End PBXNativeTarget section */

/* Begin PBXProject section */
		29B97313FDCFA39411CA2CEA /* Project object */ = {
			isa = PBXProject;
			buildConfigurationList = C01FCF4E08A954540054247B /* Build configuration list for PBXProject "BuyingGuide" */;
			compatibilityVersion = "Xcode 3.1";
			hasScannedForEncodings = 1;
			knownRegions = (
				English,
				Japanese,
				French,
				German,
				en,
			);
			mainGroup = 29B97314FDCFA39411CA2CEA /* CustomTemplate */;
			projectDirPath = "";
			projectRoot = "";
			targets = (
				1D6058900D05DD3D006BFB54 /* BuyingGuide */,
				C4FA1D5410B45DBB0031303E /* BuyingGuide FJS */,
				C4103F7710B71083004CEC15 /* BGImporter */,
			);
		};
/* End PBXProject section */

/* Begin PBXResourcesBuildPhase section */
		1D60588D0D05DD3D006BFB54 /* Resources */ = {
			isa = PBXResourcesBuildPhase;
			buildActionMask = 2147483647;
			files = (
				28AD73600D9D9599002E5188 /* MainWindow.xib in Resources */,
				C4C02DD210B1A83F000D46AA /* bgdata.csv in Resources */,
				C4FA187910B2F4CE0031303E /* CompanyViewController.xib in Resources */,
				C4FA1C7610B389EB0031303E /* PageView.xib in Resources */,
				C4FA1D8B10B45E770031303E /* Entitlements.plist in Resources */,
				C4FA235210B5DC8A0031303E /* iphone_bottom-bar-clear.png in Resources */,
				C4103F5310B6FBBB004CEC15 /* KeyView.xib in Resources */,
				C492D86C10BB27FB0041400B /* Icon.png in Resources */,
				C4864DB110BC38200064A126 /* Information.png in Resources */,
				C4864DFB10BC3BDA0064A126 /* info.png in Resources */,
				C4864E4910BC3DE10064A126 /* info2.png in Resources */,
				C486574710BD84FD0064A126 /* iphone_bottom-bar.png in Resources */,
				C4F31C6D10C41703004DF94F /* CompanyScoreCardView.xib in Resources */,
				C4F31CE310C42089004DF94F /* EmailHappy.txt in Resources */,
				C450242010C454C3002D5175 /* HRC_Icon.png in Resources */,
				C48BBBD910C5791400F996C6 /* EmailIndifferent.txt in Resources */,
				C48BBBE110C5792900F996C6 /* EmailSad.txt in Resources */,
				C48BBC7710C583F200F996C6 /* Default.png in Resources */,
				C474E43310C7076B00BFFFE8 /* storedata.sqlite in Resources */,
				C41288E210C82792007BB9A8 /* red.png in Resources */,
				C41288E310C82792007BB9A8 /* green.png in Resources */,
				C41288E410C82792007BB9A8 /* yellow.png in Resources */,
				C4128BEA10C86EBF007BB9A8 /* info2small.png in Resources */,
				C46D874510CC297600541CF1 /* slider.png in Resources */,
				C46D8A2810CC60E600541CF1 /* emailConfused.txt in Resources */,
			);
			runOnlyForDeploymentPostprocessing = 0;
		};
		C4103F7410B71083004CEC15 /* Resources */ = {
			isa = PBXResourcesBuildPhase;
			buildActionMask = 2147483647;
			files = (
				C474E3D610C703B400BFFFE8 /* bgdata.csv in Resources */,
				C4103FBE10B71532004CEC15 /* InfoPlist.strings in Resources */,
				C4103FBF10B71532004CEC15 /* MainMenu.xib in Resources */,
				C474E43410C7076B00BFFFE8 /* storedata.sqlite in Resources */,
				C46D8A2910CC60E600541CF1 /* emailConfused.txt in Resources */,
			);
			runOnlyForDeploymentPostprocessing = 0;
		};
		C4FA1D5510B45DBB0031303E /* Resources */ = {
			isa = PBXResourcesBuildPhase;
			buildActionMask = 2147483647;
			files = (
				C4FA1D5610B45DBB0031303E /* MainWindow.xib in Resources */,
				C4FA1D5710B45DBB0031303E /* bgdata.csv in Resources */,
				C4FA1D5910B45DBB0031303E /* CompanyViewController.xib in Resources */,
				C4FA1D5A10B45DBB0031303E /* PageView.xib in Resources */,
				C4FA235310B5DC8A0031303E /* iphone_bottom-bar-clear.png in Resources */,
				C4103F5410B6FBBB004CEC15 /* KeyView.xib in Resources */,
				C492D86D10BB27FB0041400B /* Icon.png in Resources */,
				C4864DB210BC38200064A126 /* Information.png in Resources */,
				C4864DFC10BC3BDA0064A126 /* info.png in Resources */,
				C4864E4A10BC3DE10064A126 /* info2.png in Resources */,
				C486574610BD84FD0064A126 /* iphone_bottom-bar.png in Resources */,
				C4F31C6C10C41703004DF94F /* CompanyScoreCardView.xib in Resources */,
				C4F31CE210C42089004DF94F /* EmailHappy.txt in Resources */,
				C450241F10C454C3002D5175 /* HRC_Icon.png in Resources */,
				C48BBBD810C5791400F996C6 /* EmailIndifferent.txt in Resources */,
				C48BBBE010C5792900F996C6 /* EmailSad.txt in Resources */,
				C48BBC7610C583F200F996C6 /* Default.png in Resources */,
				C474E43210C7076B00BFFFE8 /* storedata.sqlite in Resources */,
				C41288DF10C82792007BB9A8 /* red.png in Resources */,
				C41288E010C82792007BB9A8 /* green.png in Resources */,
				C41288E110C82792007BB9A8 /* yellow.png in Resources */,
				C4128BE910C86EBF007BB9A8 /* info2small.png in Resources */,
				C46D874410CC297600541CF1 /* slider.png in Resources */,
				C46D8A2710CC60E600541CF1 /* emailConfused.txt in Resources */,
			);
			runOnlyForDeploymentPostprocessing = 0;
		};
/* End PBXResourcesBuildPhase section */

/* Begin PBXSourcesBuildPhase section */
		1D60588E0D05DD3D006BFB54 /* Sources */ = {
			isa = PBXSourcesBuildPhase;
			buildActionMask = 2147483647;
			files = (
				C4F31E5E10C431E4004DF94F /* BuyingGuide.xcdatamodel in Sources */,
				1D60589B0D05DD56006BFB54 /* main.m in Sources */,
				1D3623260D0F684500981E51 /* BuyingGuideAppDelegate.m in Sources */,
				28C286E10D94DF7D0034E888 /* CategoriesTableViewController.m in Sources */,
				C4C031DA10B1EB9B000D46AA /* NSArray+FJSCoreDataExtensions.m in Sources */,
				C4C031DC10B1EB9B000D46AA /* NSString+extensions.m in Sources */,
				C4C031E110B1EBC1000D46AA /* CoreDataFunctions.m in Sources */,
				C4AFF94110B232F000801655 /* MainViewController.m in Sources */,
				C4AFF99110B2388600801655 /* UIBarButtonItem+extensions.m in Sources */,
				C4340AE410B23D5B0049791D /* CompaniesTableViewController.m in Sources */,
				C4AAD3A510B26A8300D393AE /* FilteredCompaniesTableViewController.m in Sources */,
				C4FA187810B2F4CE0031303E /* CompanyViewController.m in Sources */,
				C4FA187D10B2F5050031303E /* CompanyScoreCardViewController.m in Sources */,
				C4FA18CC10B308FB0031303E /* Company+Extensions.m in Sources */,
				C4FA193510B30C180031303E /* DataSource.m in Sources */,
				C4FA193610B30C180031303E /* PagingScrollViewController.m in Sources */,
				C4FA193710B30C180031303E /* PageViewController.m in Sources */,
				C4FA200B10B4BA570031303E /* UIColor+extensions.m in Sources */,
				C4FA200C10B4BA570031303E /* UIView-Extensions.m in Sources */,
				C4FA223210B5C81D0031303E /* Company.m in Sources */,
				C4103F4F10B6FAD8004CEC15 /* KeyViewController.m in Sources */,
				C41040EF10B72EAA004CEC15 /* SDNextRunloopProxy.m in Sources */,
				C492D5AF10BAF4490041400B /* DebugLog.m in Sources */,
				C4864FFF10BC55F80064A126 /* PageTableViewController.m in Sources */,
				C4274B6D10C4385D00ADF6EC /* NSManagedObjectContext+Extensions.m in Sources */,
				C412894A10C83102007BB9A8 /* FilteredCompaniesViewController.m in Sources */,
				C46D828110C9263500541CF1 /* FJSTableViewColorIndex.m in Sources */,
				C46D874910CC29A200541CF1 /* FJSTableViewImageIndex.m in Sources */,
				C46D883910CC3D2C00541CF1 /* Brand.m in Sources */,
				C46D884410CC3F2600541CF1 /* Category.m in Sources */,
			);
			runOnlyForDeploymentPostprocessing = 0;
		};
		C4103F7510B71083004CEC15 /* Sources */ = {
			isa = PBXSourcesBuildPhase;
			buildActionMask = 2147483647;
			files = (
				C4E6EC2D10C43935001F88C8 /* NSManagedObjectContext+Extensions.m in Sources */,
				C4F31E4310C42F95004DF94F /* BuyingGuide.xcdatamodel in Sources */,
				C4F31E1210C42EB2004DF94F /* BGImporter_AppDelegate.m in Sources */,
				C410407910B718BE004CEC15 /* NSArray+FJSCoreDataExtensions.m in Sources */,
				C410407D10B718BE004CEC15 /* NSString+extensions.m in Sources */,
				C4103FE410B715B1004CEC15 /* Company.m in Sources */,
				C4103FB410B7145B004CEC15 /* CoreDataFunctions.m in Sources */,
				C4103FA810B7120A004CEC15 /* NSSet+blocks.m in Sources */,
				C4103FA910B7120A004CEC15 /* NSArray+blocks.m in Sources */,
				C4103FB010B7125B004CEC15 /* BGImporter_main.m in Sources */,
				C4103FB310B712CE004CEC15 /* BGImporterCoreDataFunctions.m in Sources */,
				C492D5B110BAF4490041400B /* DebugLog.m in Sources */,
				C46D883B10CC3D2C00541CF1 /* Brand.m in Sources */,
				C46D884510CC3F2600541CF1 /* Category.m in Sources */,
			);
			runOnlyForDeploymentPostprocessing = 0;
		};
		C4FA1D5B10B45DBB0031303E /* Sources */ = {
			isa = PBXSourcesBuildPhase;
			buildActionMask = 2147483647;
			files = (
				C4FA1D5C10B45DBB0031303E /* main.m in Sources */,
				C4FA1D5D10B45DBB0031303E /* BuyingGuideAppDelegate.m in Sources */,
				C4FA1D5E10B45DBB0031303E /* CategoriesTableViewController.m in Sources */,
				C4FA1D6110B45DBB0031303E /* NSArray+FJSCoreDataExtensions.m in Sources */,
				C4FA1D6310B45DBB0031303E /* NSString+extensions.m in Sources */,
				C4FA1D6410B45DBB0031303E /* CoreDataFunctions.m in Sources */,
				C4FA1D6510B45DBB0031303E /* BuyingGuide.xcdatamodel in Sources */,
				C4FA1D6610B45DBB0031303E /* MainViewController.m in Sources */,
				C4FA1D6710B45DBB0031303E /* UIBarButtonItem+extensions.m in Sources */,
				C4FA1D6810B45DBB0031303E /* CompaniesTableViewController.m in Sources */,
				C4FA1D6A10B45DBB0031303E /* FilteredCompaniesTableViewController.m in Sources */,
				C4FA1D6B10B45DBB0031303E /* CompanyViewController.m in Sources */,
				C4FA1D6C10B45DBB0031303E /* CompanyScoreCardViewController.m in Sources */,
				C4FA1D6D10B45DBB0031303E /* Company+Extensions.m in Sources */,
				C4FA1D6E10B45DBB0031303E /* DataSource.m in Sources */,
				C4FA1D6F10B45DBB0031303E /* PagingScrollViewController.m in Sources */,
				C4FA1D7010B45DBB0031303E /* PageViewController.m in Sources */,
				C4FA200D10B4BA570031303E /* UIColor+extensions.m in Sources */,
				C4FA200E10B4BA570031303E /* UIView-Extensions.m in Sources */,
				C4FA223310B5C81D0031303E /* Company.m in Sources */,
				C4103F5010B6FAD8004CEC15 /* KeyViewController.m in Sources */,
				C41040F010B72EAA004CEC15 /* SDNextRunloopProxy.m in Sources */,
				C492D5B010BAF4490041400B /* DebugLog.m in Sources */,
				C486500010BC55F80064A126 /* PageTableViewController.m in Sources */,
				C4274B6C10C4385D00ADF6EC /* NSManagedObjectContext+Extensions.m in Sources */,
				C412894910C83102007BB9A8 /* FilteredCompaniesViewController.m in Sources */,
				C46D828010C9263500541CF1 /* FJSTableViewColorIndex.m in Sources */,
				C46D874810CC29A200541CF1 /* FJSTableViewImageIndex.m in Sources */,
				C46D883710CC3D2C00541CF1 /* Brand.m in Sources */,
				C46D884310CC3F2600541CF1 /* Category.m in Sources */,
			);
			runOnlyForDeploymentPostprocessing = 0;
		};
/* End PBXSourcesBuildPhase section */

/* Begin PBXVariantGroup section */
		C4103FBA10B71532004CEC15 /* InfoPlist.strings */ = {
			isa = PBXVariantGroup;
			children = (
				C4103FBB10B71532004CEC15 /* English */,
			);
			name = InfoPlist.strings;
			path = ../BGImporter/English.lproj;
			sourceTree = "<group>";
		};
		C4103FBC10B71532004CEC15 /* MainMenu.xib */ = {
			isa = PBXVariantGroup;
			children = (
				C4103FBD10B71532004CEC15 /* English */,
			);
			name = MainMenu.xib;
			path = ../BGImporter/English.lproj;
			sourceTree = "<group>";
		};
/* End PBXVariantGroup section */

/* Begin XCBuildConfiguration section */
		1D6058940D05DD3E006BFB54 /* Debug */ = {
			isa = XCBuildConfiguration;
			buildSettings = {
				ALWAYS_SEARCH_USER_PATHS = NO;
				COPY_PHASE_STRIP = NO;
				GCC_DYNAMIC_NO_PIC = NO;
				GCC_OPTIMIZATION_LEVEL = 0;
				GCC_PRECOMPILE_PREFIX_HEADER = YES;
				GCC_PREFIX_HEADER = BuyingGuide_Prefix.pch;
				GCC_PREPROCESSOR_DEFINITIONS = "DEBUG=1";
				INFOPLIST_FILE = "BuyingGuide-Info.plist";
				LIBRARY_SEARCH_PATHS = (
					"$(inherited)",
					"\"$(SRCROOT)\"",
				);
				PRODUCT_NAME = BuyingGuide;
			};
			name = Debug;
		};
		1D6058950D05DD3E006BFB54 /* Release */ = {
			isa = XCBuildConfiguration;
			buildSettings = {
				ALWAYS_SEARCH_USER_PATHS = NO;
				COPY_PHASE_STRIP = YES;
				GCC_PRECOMPILE_PREFIX_HEADER = YES;
				GCC_PREFIX_HEADER = BuyingGuide_Prefix.pch;
				INFOPLIST_FILE = "BuyingGuide-Info.plist";
				LIBRARY_SEARCH_PATHS = (
					"$(inherited)",
					"\"$(SRCROOT)\"",
				);
				PRODUCT_NAME = BuyingGuide;
			};
			name = Release;
		};
		C01FCF4F08A954540054247B /* Debug */ = {
			isa = XCBuildConfiguration;
			buildSettings = {
				ARCHS = "$(ARCHS_STANDARD_32_BIT)";
				"CODE_SIGN_IDENTITY[sdk=iphoneos*]" = "iPhone Developer";
				GCC_C_LANGUAGE_STANDARD = c99;
				GCC_WARN_ABOUT_RETURN_TYPE = YES;
				GCC_WARN_UNUSED_VARIABLE = YES;
				PREBINDING = NO;
				SDKROOT = iphoneos3.1.2;
			};
			name = Debug;
		};
		C01FCF5008A954540054247B /* Release */ = {
			isa = XCBuildConfiguration;
			buildSettings = {
				ARCHS = "$(ARCHS_STANDARD_32_BIT)";
				"CODE_SIGN_IDENTITY[sdk=iphoneos*]" = "iPhone Developer";
				GCC_C_LANGUAGE_STANDARD = c99;
				GCC_WARN_ABOUT_RETURN_TYPE = YES;
				GCC_WARN_UNUSED_VARIABLE = YES;
				PREBINDING = NO;
				SDKROOT = iphoneos3.1.2;
			};
			name = Release;
		};
		C4103F6E10B71015004CEC15 /* Beta */ = {
			isa = XCBuildConfiguration;
			buildSettings = {
				ARCHS = "$(ARCHS_STANDARD_32_BIT)";
				CODE_SIGN_ENTITLEMENTS = Entitlements.plist;
				"CODE_SIGN_IDENTITY[sdk=iphoneos*]" = "iPhone Developer";
				GCC_C_LANGUAGE_STANDARD = c99;
				GCC_WARN_ABOUT_RETURN_TYPE = YES;
				GCC_WARN_UNUSED_VARIABLE = YES;
				PREBINDING = NO;
				SDKROOT = iphoneos3.1.2;
			};
			name = Beta;
		};
		C4103F6F10B71015004CEC15 /* Beta */ = {
			isa = XCBuildConfiguration;
			buildSettings = {
				ALWAYS_SEARCH_USER_PATHS = NO;
				"CODE_SIGN_IDENTITY[sdk=iphoneos*]" = "iPhone Distribution";
				COPY_PHASE_STRIP = YES;
				GCC_PRECOMPILE_PREFIX_HEADER = YES;
				GCC_PREFIX_HEADER = BuyingGuide_Prefix.pch;
				INFOPLIST_FILE = "BuyingGuide-Info.plist";
				LIBRARY_SEARCH_PATHS = (
					"$(inherited)",
					"\"$(SRCROOT)\"",
				);
				PRODUCT_NAME = BuyingGuide;
				"PROVISIONING_PROFILE[sdk=iphoneos*]" = "";
			};
			name = Beta;
		};
		C4103F7010B71015004CEC15 /* Beta */ = {
			isa = XCBuildConfiguration;
			buildSettings = {
				ALWAYS_SEARCH_USER_PATHS = NO;
				COPY_PHASE_STRIP = YES;
				GCC_PRECOMPILE_PREFIX_HEADER = YES;
				GCC_PREFIX_HEADER = BuyingGuide_Prefix.pch;
				INFOPLIST_FILE = "../BuyingGuide-Info copy.plist";
				LIBRARY_SEARCH_PATHS = (
					"$(inherited)",
					"\"$(SRCROOT)\"",
				);
				PRODUCT_NAME = BuyingGuide;
			};
			name = Beta;
		};
		C4103F7B10B71084004CEC15 /* Debug */ = {
			isa = XCBuildConfiguration;
			buildSettings = {
				ALWAYS_SEARCH_USER_PATHS = YES;
				ARCHS = "$(ARCHS_STANDARD_32_64_BIT)";
				"CODE_SIGN_IDENTITY[sdk=iphoneos*]" = "Don't Code Sign";
				COPY_PHASE_STRIP = NO;
				GCC_DYNAMIC_NO_PIC = NO;
				GCC_ENABLE_FIX_AND_CONTINUE = YES;
				GCC_MODEL_TUNING = G5;
				GCC_OPTIMIZATION_LEVEL = 0;
				GCC_PRECOMPILE_PREFIX_HEADER = YES;
				GCC_PREFIX_HEADER = BGImporter_Prefix.pch;
				INFOPLIST_FILE = "BGImporter-Info.plist";
				INSTALL_PATH = "$(HOME)/Applications";
				ONLY_ACTIVE_ARCH = YES;
				OTHER_LDFLAGS = (
					"-framework",
					Foundation,
					"-framework",
					AppKit,
				);
				PREBINDING = NO;
				PRODUCT_NAME = BGImporter;
				SDKROOT = macosx10.6;
			};
			name = Debug;
		};
		C4103F7C10B71084004CEC15 /* Beta */ = {
			isa = XCBuildConfiguration;
			buildSettings = {
				ALWAYS_SEARCH_USER_PATHS = NO;
				GCC_ENABLE_FIX_AND_CONTINUE = YES;
				GCC_MODEL_TUNING = G5;
				GCC_PRECOMPILE_PREFIX_HEADER = YES;
				GCC_PREFIX_HEADER = "$(SYSTEM_LIBRARY_DIR)/Frameworks/AppKit.framework/Headers/AppKit.h";
				INFOPLIST_FILE = "BGImporter-Info.plist";
				INSTALL_PATH = "$(HOME)/Applications";
				OTHER_LDFLAGS = (
					"-framework",
					Foundation,
					"-framework",
					AppKit,
				);
				PREBINDING = NO;
				PRODUCT_NAME = BGImporter;
			};
			name = Beta;
		};
		C4103F7D10B71084004CEC15 /* Release */ = {
			isa = XCBuildConfiguration;
			buildSettings = {
				ALWAYS_SEARCH_USER_PATHS = NO;
				COPY_PHASE_STRIP = YES;
				DEBUG_INFORMATION_FORMAT = "dwarf-with-dsym";
				GCC_ENABLE_FIX_AND_CONTINUE = NO;
				GCC_MODEL_TUNING = G5;
				GCC_PRECOMPILE_PREFIX_HEADER = YES;
				GCC_PREFIX_HEADER = "$(SYSTEM_LIBRARY_DIR)/Frameworks/AppKit.framework/Headers/AppKit.h";
				INFOPLIST_FILE = "BGImporter-Info.plist";
				INSTALL_PATH = "$(HOME)/Applications";
				OTHER_LDFLAGS = (
					"-framework",
					Foundation,
					"-framework",
					AppKit,
				);
				PREBINDING = NO;
				PRODUCT_NAME = BGImporter;
				ZERO_LINK = NO;
			};
			name = Release;
		};
		C4FA1D7710B45DBB0031303E /* Debug */ = {
			isa = XCBuildConfiguration;
			buildSettings = {
				ALWAYS_SEARCH_USER_PATHS = NO;
				COPY_PHASE_STRIP = NO;
				GCC_DYNAMIC_NO_PIC = NO;
				GCC_OPTIMIZATION_LEVEL = 0;
				GCC_PRECOMPILE_PREFIX_HEADER = YES;
				GCC_PREFIX_HEADER = BuyingGuide_Prefix.pch;
				GCC_PREPROCESSOR_DEFINITIONS = "DEBUG=1";
				INFOPLIST_FILE = "BuyingGuide-FJS-Info.plist";
				LIBRARY_SEARCH_PATHS = (
					"$(inherited)",
					"\"$(SRCROOT)\"",
				);
				PRODUCT_NAME = BuyingGuideDev;
			};
			name = Debug;
		};
		C4FA1D7810B45DBB0031303E /* Release */ = {
			isa = XCBuildConfiguration;
			buildSettings = {
				ALWAYS_SEARCH_USER_PATHS = NO;
				COPY_PHASE_STRIP = YES;
				GCC_PRECOMPILE_PREFIX_HEADER = YES;
				GCC_PREFIX_HEADER = BuyingGuide_Prefix.pch;
				INFOPLIST_FILE = "../BuyingGuide-Info copy.plist";
				LIBRARY_SEARCH_PATHS = (
					"$(inherited)",
					"\"$(SRCROOT)\"",
				);
				PRODUCT_NAME = BuyingGuide;
			};
			name = Release;
		};
/* End XCBuildConfiguration section */

/* Begin XCConfigurationList section */
		1D6058960D05DD3E006BFB54 /* Build configuration list for PBXNativeTarget "BuyingGuide" */ = {
			isa = XCConfigurationList;
			buildConfigurations = (
				1D6058940D05DD3E006BFB54 /* Debug */,
				C4103F6F10B71015004CEC15 /* Beta */,
				1D6058950D05DD3E006BFB54 /* Release */,
			);
			defaultConfigurationIsVisible = 0;
			defaultConfigurationName = Release;
		};
		C01FCF4E08A954540054247B /* Build configuration list for PBXProject "BuyingGuide" */ = {
			isa = XCConfigurationList;
			buildConfigurations = (
				C01FCF4F08A954540054247B /* Debug */,
				C4103F6E10B71015004CEC15 /* Beta */,
				C01FCF5008A954540054247B /* Release */,
			);
			defaultConfigurationIsVisible = 0;
			defaultConfigurationName = Release;
		};
		C4103F7E10B71084004CEC15 /* Build configuration list for PBXNativeTarget "BGImporter" */ = {
			isa = XCConfigurationList;
			buildConfigurations = (
				C4103F7B10B71084004CEC15 /* Debug */,
				C4103F7C10B71084004CEC15 /* Beta */,
				C4103F7D10B71084004CEC15 /* Release */,
			);
			defaultConfigurationIsVisible = 0;
			defaultConfigurationName = Release;
		};
		C4FA1D7610B45DBB0031303E /* Build configuration list for PBXNativeTarget "BuyingGuide FJS" */ = {
			isa = XCConfigurationList;
			buildConfigurations = (
				C4FA1D7710B45DBB0031303E /* Debug */,
				C4103F7010B71015004CEC15 /* Beta */,
				C4FA1D7810B45DBB0031303E /* Release */,
			);
			defaultConfigurationIsVisible = 0;
			defaultConfigurationName = Release;
		};
/* End XCConfigurationList section */
	};
	rootObject = 29B97313FDCFA39411CA2CEA /* Project object */;
}
