// !$*UTF8*$!
{
	archiveVersion = 1;
	classes = {
	};
	objectVersion = 45;
	objects = {

/* Begin PBXBuildFile section */
		1D3623260D0F684500981E51 /* BuyingGuideAppDelegate.m in Sources */ = {isa = PBXBuildFile; fileRef = 1D3623250D0F684500981E51 /* BuyingGuideAppDelegate.m */; };
		1D60589B0D05DD56006BFB54 /* main.m in Sources */ = {isa = PBXBuildFile; fileRef = 29B97316FDCFA39411CA2CEA /* main.m */; };
		1D60589F0D05DD5A006BFB54 /* Foundation.framework in Frameworks */ = {isa = PBXBuildFile; fileRef = 1D30AB110D05D00D00671497 /* Foundation.framework */; };
		1DF5F4E00D08C38300B7A737 /* UIKit.framework in Frameworks */ = {isa = PBXBuildFile; fileRef = 1DF5F4DF0D08C38300B7A737 /* UIKit.framework */; };
		28860BE50F44EE6400985440 /* CoreData.framework in Frameworks */ = {isa = PBXBuildFile; fileRef = 28860BE40F44EE6400985440 /* CoreData.framework */; };
		2892E4100DC94CBA00A64D0F /* CoreGraphics.framework in Frameworks */ = {isa = PBXBuildFile; fileRef = 2892E40F0DC94CBA00A64D0F /* CoreGraphics.framework */; };
		28AD73600D9D9599002E5188 /* MainWindow.xib in Resources */ = {isa = PBXBuildFile; fileRef = 28AD735F0D9D9599002E5188 /* MainWindow.xib */; };
		28C286E10D94DF7D0034E888 /* CategoriesTableViewController.m in Sources */ = {isa = PBXBuildFile; fileRef = 28C286E00D94DF7D0034E888 /* CategoriesTableViewController.m */; };
		C4340AE410B23D5B0049791D /* CompaniesTableViewController.m in Sources */ = {isa = PBXBuildFile; fileRef = C4340AE310B23D5B0049791D /* CompaniesTableViewController.m */; };
		C4AAD3A510B26A8300D393AE /* FilteredCompaniesTableViewController.m in Sources */ = {isa = PBXBuildFile; fileRef = C4AAD3A410B26A8300D393AE /* FilteredCompaniesTableViewController.m */; };
		C4AFF73810B1FE8E00801655 /* BuyingGuide.xcdatamodel in Sources */ = {isa = PBXBuildFile; fileRef = C4AFF73710B1FE8E00801655 /* BuyingGuide.xcdatamodel */; };
		C4AFF94110B232F000801655 /* MainViewController.m in Sources */ = {isa = PBXBuildFile; fileRef = C4AFF94010B232F000801655 /* MainViewController.m */; };
		C4AFF99110B2388600801655 /* UIBarButtonItem+extensions.m in Sources */ = {isa = PBXBuildFile; fileRef = C4AFF99010B2388600801655 /* UIBarButtonItem+extensions.m */; };
		C4C02C4A10B0F401000D46AA /* Category.m in Sources */ = {isa = PBXBuildFile; fileRef = C4C02C4710B0F401000D46AA /* Category.m */; };
		C4C02DD210B1A83F000D46AA /* bgdata.csv in Resources */ = {isa = PBXBuildFile; fileRef = C4C02DD110B1A83F000D46AA /* bgdata.csv */; };
		C4C02DFC10B1B71B000D46AA /* Brand.m in Sources */ = {isa = PBXBuildFile; fileRef = C4C02DFB10B1B71B000D46AA /* Brand.m */; };
		C4C031DA10B1EB9B000D46AA /* NSArray+FJSCoreDataExtensions.m in Sources */ = {isa = PBXBuildFile; fileRef = C4C031D310B1EB9B000D46AA /* NSArray+FJSCoreDataExtensions.m */; };
		C4C031DB10B1EB9B000D46AA /* NSManagedObjectContext+Extensions.m in Sources */ = {isa = PBXBuildFile; fileRef = C4C031D510B1EB9B000D46AA /* NSManagedObjectContext+Extensions.m */; };
		C4C031DC10B1EB9B000D46AA /* NSString+extensions.m in Sources */ = {isa = PBXBuildFile; fileRef = C4C031D710B1EB9B000D46AA /* NSString+extensions.m */; };
		C4C031E110B1EBC1000D46AA /* CoreDataFunctions.m in Sources */ = {isa = PBXBuildFile; fileRef = C4C031E010B1EBC1000D46AA /* CoreDataFunctions.m */; };
		C4FA187810B2F4CE0031303E /* CompanyViewController.m in Sources */ = {isa = PBXBuildFile; fileRef = C4FA187610B2F4CE0031303E /* CompanyViewController.m */; };
		C4FA187910B2F4CE0031303E /* CompanyViewController.xib in Resources */ = {isa = PBXBuildFile; fileRef = C4FA187710B2F4CE0031303E /* CompanyViewController.xib */; };
		C4FA187D10B2F5050031303E /* CompanyScoreCardViewController.m in Sources */ = {isa = PBXBuildFile; fileRef = C4FA187C10B2F5050031303E /* CompanyScoreCardViewController.m */; };
		C4FA18CC10B308FB0031303E /* Company+Extensions.m in Sources */ = {isa = PBXBuildFile; fileRef = C4FA18CB10B308FB0031303E /* Company+Extensions.m */; };
		C4FA193510B30C180031303E /* DataSource.m in Sources */ = {isa = PBXBuildFile; fileRef = C4FA192F10B30C180031303E /* DataSource.m */; };
		C4FA193610B30C180031303E /* PagingScrollViewController.m in Sources */ = {isa = PBXBuildFile; fileRef = C4FA193110B30C180031303E /* PagingScrollViewController.m */; };
		C4FA193710B30C180031303E /* PageViewController.m in Sources */ = {isa = PBXBuildFile; fileRef = C4FA193310B30C180031303E /* PageViewController.m */; };
		C4FA1C7610B389EB0031303E /* PageView.xib in Resources */ = {isa = PBXBuildFile; fileRef = C4FA1C7510B389EB0031303E /* PageView.xib */; };
		C4FA1D5610B45DBB0031303E /* MainWindow.xib in Resources */ = {isa = PBXBuildFile; fileRef = 28AD735F0D9D9599002E5188 /* MainWindow.xib */; };
		C4FA1D5710B45DBB0031303E /* bgdata.csv in Resources */ = {isa = PBXBuildFile; fileRef = C4C02DD110B1A83F000D46AA /* bgdata.csv */; };
		C4FA1D5910B45DBB0031303E /* CompanyViewController.xib in Resources */ = {isa = PBXBuildFile; fileRef = C4FA187710B2F4CE0031303E /* CompanyViewController.xib */; };
		C4FA1D5A10B45DBB0031303E /* PageView.xib in Resources */ = {isa = PBXBuildFile; fileRef = C4FA1C7510B389EB0031303E /* PageView.xib */; };
		C4FA1D5C10B45DBB0031303E /* main.m in Sources */ = {isa = PBXBuildFile; fileRef = 29B97316FDCFA39411CA2CEA /* main.m */; };
		C4FA1D5D10B45DBB0031303E /* BuyingGuideAppDelegate.m in Sources */ = {isa = PBXBuildFile; fileRef = 1D3623250D0F684500981E51 /* BuyingGuideAppDelegate.m */; };
		C4FA1D5E10B45DBB0031303E /* CategoriesTableViewController.m in Sources */ = {isa = PBXBuildFile; fileRef = 28C286E00D94DF7D0034E888 /* CategoriesTableViewController.m */; };
		C4FA1D5F10B45DBB0031303E /* Category.m in Sources */ = {isa = PBXBuildFile; fileRef = C4C02C4710B0F401000D46AA /* Category.m */; };
		C4FA1D6010B45DBB0031303E /* Brand.m in Sources */ = {isa = PBXBuildFile; fileRef = C4C02DFB10B1B71B000D46AA /* Brand.m */; };
		C4FA1D6110B45DBB0031303E /* NSArray+FJSCoreDataExtensions.m in Sources */ = {isa = PBXBuildFile; fileRef = C4C031D310B1EB9B000D46AA /* NSArray+FJSCoreDataExtensions.m */; };
		C4FA1D6210B45DBB0031303E /* NSManagedObjectContext+Extensions.m in Sources */ = {isa = PBXBuildFile; fileRef = C4C031D510B1EB9B000D46AA /* NSManagedObjectContext+Extensions.m */; };
		C4FA1D6310B45DBB0031303E /* NSString+extensions.m in Sources */ = {isa = PBXBuildFile; fileRef = C4C031D710B1EB9B000D46AA /* NSString+extensions.m */; };
		C4FA1D6410B45DBB0031303E /* CoreDataFunctions.m in Sources */ = {isa = PBXBuildFile; fileRef = C4C031E010B1EBC1000D46AA /* CoreDataFunctions.m */; };
		C4FA1D6510B45DBB0031303E /* BuyingGuide.xcdatamodel in Sources */ = {isa = PBXBuildFile; fileRef = C4AFF73710B1FE8E00801655 /* BuyingGuide.xcdatamodel */; };
		C4FA1D6610B45DBB0031303E /* MainViewController.m in Sources */ = {isa = PBXBuildFile; fileRef = C4AFF94010B232F000801655 /* MainViewController.m */; };
		C4FA1D6710B45DBB0031303E /* UIBarButtonItem+extensions.m in Sources */ = {isa = PBXBuildFile; fileRef = C4AFF99010B2388600801655 /* UIBarButtonItem+extensions.m */; };
		C4FA1D6810B45DBB0031303E /* CompaniesTableViewController.m in Sources */ = {isa = PBXBuildFile; fileRef = C4340AE310B23D5B0049791D /* CompaniesTableViewController.m */; };
		C4FA1D6A10B45DBB0031303E /* FilteredCompaniesTableViewController.m in Sources */ = {isa = PBXBuildFile; fileRef = C4AAD3A410B26A8300D393AE /* FilteredCompaniesTableViewController.m */; };
		C4FA1D6B10B45DBB0031303E /* CompanyViewController.m in Sources */ = {isa = PBXBuildFile; fileRef = C4FA187610B2F4CE0031303E /* CompanyViewController.m */; };
		C4FA1D6C10B45DBB0031303E /* CompanyScoreCardViewController.m in Sources */ = {isa = PBXBuildFile; fileRef = C4FA187C10B2F5050031303E /* CompanyScoreCardViewController.m */; };
		C4FA1D6D10B45DBB0031303E /* Company+Extensions.m in Sources */ = {isa = PBXBuildFile; fileRef = C4FA18CB10B308FB0031303E /* Company+Extensions.m */; };
		C4FA1D6E10B45DBB0031303E /* DataSource.m in Sources */ = {isa = PBXBuildFile; fileRef = C4FA192F10B30C180031303E /* DataSource.m */; };
		C4FA1D6F10B45DBB0031303E /* PagingScrollViewController.m in Sources */ = {isa = PBXBuildFile; fileRef = C4FA193110B30C180031303E /* PagingScrollViewController.m */; };
		C4FA1D7010B45DBB0031303E /* PageViewController.m in Sources */ = {isa = PBXBuildFile; fileRef = C4FA193310B30C180031303E /* PageViewController.m */; };
		C4FA1D7210B45DBB0031303E /* Foundation.framework in Frameworks */ = {isa = PBXBuildFile; fileRef = 1D30AB110D05D00D00671497 /* Foundation.framework */; };
		C4FA1D7310B45DBB0031303E /* UIKit.framework in Frameworks */ = {isa = PBXBuildFile; fileRef = 1DF5F4DF0D08C38300B7A737 /* UIKit.framework */; };
		C4FA1D7410B45DBB0031303E /* CoreGraphics.framework in Frameworks */ = {isa = PBXBuildFile; fileRef = 2892E40F0DC94CBA00A64D0F /* CoreGraphics.framework */; };
		C4FA1D7510B45DBB0031303E /* CoreData.framework in Frameworks */ = {isa = PBXBuildFile; fileRef = 28860BE40F44EE6400985440 /* CoreData.framework */; };
		C4FA1D8B10B45E770031303E /* Entitlements.plist in Resources */ = {isa = PBXBuildFile; fileRef = C4FA1D8A10B45E770031303E /* Entitlements.plist */; };
		C4FA1E0610B482FF0031303E /* BrandCellBackground.xib in Resources */ = {isa = PBXBuildFile; fileRef = C4FA1E0510B482FF0031303E /* BrandCellBackground.xib */; };
		C4FA1E0710B482FF0031303E /* BrandCellBackground.xib in Resources */ = {isa = PBXBuildFile; fileRef = C4FA1E0510B482FF0031303E /* BrandCellBackground.xib */; };
		C4FA1F5310B48E970031303E /* PagingScrollView.xib in Resources */ = {isa = PBXBuildFile; fileRef = C4FA1F5210B48E970031303E /* PagingScrollView.xib */; };
		C4FA1F5410B48E970031303E /* PagingScrollView.xib in Resources */ = {isa = PBXBuildFile; fileRef = C4FA1F5210B48E970031303E /* PagingScrollView.xib */; };
		C4FA200B10B4BA570031303E /* UIColor+extensions.m in Sources */ = {isa = PBXBuildFile; fileRef = C4FA200910B4BA570031303E /* UIColor+extensions.m */; };
		C4FA200C10B4BA570031303E /* UIView-Extensions.m in Sources */ = {isa = PBXBuildFile; fileRef = C4FA200A10B4BA570031303E /* UIView-Extensions.m */; };
		C4FA200D10B4BA570031303E /* UIColor+extensions.m in Sources */ = {isa = PBXBuildFile; fileRef = C4FA200910B4BA570031303E /* UIColor+extensions.m */; };
		C4FA200E10B4BA570031303E /* UIView-Extensions.m in Sources */ = {isa = PBXBuildFile; fileRef = C4FA200A10B4BA570031303E /* UIView-Extensions.m */; };
		C4FA223210B5C81D0031303E /* Company.m in Sources */ = {isa = PBXBuildFile; fileRef = C4FA223110B5C81D0031303E /* Company.m */; };
		C4FA223310B5C81D0031303E /* Company.m in Sources */ = {isa = PBXBuildFile; fileRef = C4FA223110B5C81D0031303E /* Company.m */; };
		C4FA225A10B5C9460031303E /* storedata.sqlite in Resources */ = {isa = PBXBuildFile; fileRef = C4FA225910B5C9460031303E /* storedata.sqlite */; };
		C4FA225B10B5C9460031303E /* storedata.sqlite in Resources */ = {isa = PBXBuildFile; fileRef = C4FA225910B5C9460031303E /* storedata.sqlite */; };
/* End PBXBuildFile section */

/* Begin PBXFileReference section */
		1D30AB110D05D00D00671497 /* Foundation.framework */ = {isa = PBXFileReference; lastKnownFileType = wrapper.framework; name = Foundation.framework; path = System/Library/Frameworks/Foundation.framework; sourceTree = SDKROOT; };
		1D3623240D0F684500981E51 /* BuyingGuideAppDelegate.h */ = {isa = PBXFileReference; fileEncoding = 4; lastKnownFileType = sourcecode.c.h; path = BuyingGuideAppDelegate.h; sourceTree = "<group>"; };
		1D3623250D0F684500981E51 /* BuyingGuideAppDelegate.m */ = {isa = PBXFileReference; fileEncoding = 4; lastKnownFileType = sourcecode.c.objc; path = BuyingGuideAppDelegate.m; sourceTree = "<group>"; };
		1D6058910D05DD3D006BFB54 /* BuyingGuide.app */ = {isa = PBXFileReference; explicitFileType = wrapper.application; includeInIndex = 0; path = BuyingGuide.app; sourceTree = BUILT_PRODUCTS_DIR; };
		1DF5F4DF0D08C38300B7A737 /* UIKit.framework */ = {isa = PBXFileReference; lastKnownFileType = wrapper.framework; name = UIKit.framework; path = System/Library/Frameworks/UIKit.framework; sourceTree = SDKROOT; };
		28860BE40F44EE6400985440 /* CoreData.framework */ = {isa = PBXFileReference; lastKnownFileType = wrapper.framework; name = CoreData.framework; path = System/Library/Frameworks/CoreData.framework; sourceTree = SDKROOT; };
		2892E40F0DC94CBA00A64D0F /* CoreGraphics.framework */ = {isa = PBXFileReference; lastKnownFileType = wrapper.framework; name = CoreGraphics.framework; path = System/Library/Frameworks/CoreGraphics.framework; sourceTree = SDKROOT; };
		28A0AAE50D9B0CCF005BE974 /* BuyingGuide_Prefix.pch */ = {isa = PBXFileReference; fileEncoding = 4; lastKnownFileType = sourcecode.c.h; path = BuyingGuide_Prefix.pch; sourceTree = "<group>"; };
		28AD735F0D9D9599002E5188 /* MainWindow.xib */ = {isa = PBXFileReference; lastKnownFileType = file.xib; name = MainWindow.xib; path = ../MainWindow.xib; sourceTree = "<group>"; };
		28C286DF0D94DF7D0034E888 /* CategoriesTableViewController.h */ = {isa = PBXFileReference; fileEncoding = 4; lastKnownFileType = sourcecode.c.h; path = CategoriesTableViewController.h; sourceTree = "<group>"; };
		28C286E00D94DF7D0034E888 /* CategoriesTableViewController.m */ = {isa = PBXFileReference; fileEncoding = 4; lastKnownFileType = sourcecode.c.objc; path = CategoriesTableViewController.m; sourceTree = "<group>"; };
		29B97316FDCFA39411CA2CEA /* main.m */ = {isa = PBXFileReference; fileEncoding = 4; lastKnownFileType = sourcecode.c.objc; path = main.m; sourceTree = "<group>"; };
		8D1107310486CEB800E47090 /* BuyingGuide-Info.plist */ = {isa = PBXFileReference; fileEncoding = 4; lastKnownFileType = text.plist.xml; name = "BuyingGuide-Info.plist"; path = "../BuyingGuide-Info.plist"; plistStructureDefinitionIdentifier = "com.apple.xcode.plist.structure-definition.iphone.info-plist"; sourceTree = "<group>"; };
		C404431310B0742700BCCFEC /* CoreData.framework */ = {isa = PBXFileReference; lastKnownFileType = wrapper.framework; name = CoreData.framework; path = System/Library/Frameworks/CoreData.framework; sourceTree = SDKROOT; };
		C404431510B0742700BCCFEC /* Foundation.framework */ = {isa = PBXFileReference; lastKnownFileType = wrapper.framework; name = Foundation.framework; path = System/Library/Frameworks/Foundation.framework; sourceTree = SDKROOT; };
		C4340AE210B23D5B0049791D /* CompaniesTableViewController.h */ = {isa = PBXFileReference; fileEncoding = 4; lastKnownFileType = sourcecode.c.h; path = CompaniesTableViewController.h; sourceTree = "<group>"; };
		C4340AE310B23D5B0049791D /* CompaniesTableViewController.m */ = {isa = PBXFileReference; fileEncoding = 4; lastKnownFileType = sourcecode.c.objc; path = CompaniesTableViewController.m; sourceTree = "<group>"; };
		C4AAD3A310B26A8300D393AE /* FilteredCompaniesTableViewController.h */ = {isa = PBXFileReference; fileEncoding = 4; lastKnownFileType = sourcecode.c.h; path = FilteredCompaniesTableViewController.h; sourceTree = "<group>"; };
		C4AAD3A410B26A8300D393AE /* FilteredCompaniesTableViewController.m */ = {isa = PBXFileReference; fileEncoding = 4; lastKnownFileType = sourcecode.c.objc; path = FilteredCompaniesTableViewController.m; sourceTree = "<group>"; };
		C4AFF73710B1FE8E00801655 /* BuyingGuide.xcdatamodel */ = {isa = PBXFileReference; fileEncoding = 4; lastKnownFileType = wrapper.xcdatamodel; path = BuyingGuide.xcdatamodel; sourceTree = "<group>"; };
		C4AFF93F10B232F000801655 /* MainViewController.h */ = {isa = PBXFileReference; fileEncoding = 4; lastKnownFileType = sourcecode.c.h; path = MainViewController.h; sourceTree = "<group>"; };
		C4AFF94010B232F000801655 /* MainViewController.m */ = {isa = PBXFileReference; fileEncoding = 4; lastKnownFileType = sourcecode.c.objc; path = MainViewController.m; sourceTree = "<group>"; };
		C4AFF98F10B2388600801655 /* UIBarButtonItem+extensions.h */ = {isa = PBXFileReference; fileEncoding = 4; lastKnownFileType = sourcecode.c.h; name = "UIBarButtonItem+extensions.h"; path = "Classes/UIBarButtonItem+extensions.h"; sourceTree = "<group>"; };
		C4AFF99010B2388600801655 /* UIBarButtonItem+extensions.m */ = {isa = PBXFileReference; fileEncoding = 4; lastKnownFileType = sourcecode.c.objc; name = "UIBarButtonItem+extensions.m"; path = "Classes/UIBarButtonItem+extensions.m"; sourceTree = "<group>"; };
		C4C02C4610B0F401000D46AA /* Category.h */ = {isa = PBXFileReference; fileEncoding = 4; lastKnownFileType = sourcecode.c.h; path = Category.h; sourceTree = "<group>"; };
		C4C02C4710B0F401000D46AA /* Category.m */ = {isa = PBXFileReference; fileEncoding = 4; lastKnownFileType = sourcecode.c.objc; path = Category.m; sourceTree = "<group>"; };
		C4C02DD110B1A83F000D46AA /* bgdata.csv */ = {isa = PBXFileReference; fileEncoding = 4; lastKnownFileType = text; path = bgdata.csv; sourceTree = "<group>"; };
		C4C02DFA10B1B71B000D46AA /* Brand.h */ = {isa = PBXFileReference; fileEncoding = 4; lastKnownFileType = sourcecode.c.h; path = Brand.h; sourceTree = "<group>"; };
		C4C02DFB10B1B71B000D46AA /* Brand.m */ = {isa = PBXFileReference; fileEncoding = 4; lastKnownFileType = sourcecode.c.objc; path = Brand.m; sourceTree = "<group>"; };
		C4C031D210B1EB9B000D46AA /* NSArray+FJSCoreDataExtensions.h */ = {isa = PBXFileReference; fileEncoding = 4; lastKnownFileType = sourcecode.c.h; path = "NSArray+FJSCoreDataExtensions.h"; sourceTree = "<group>"; };
		C4C031D310B1EB9B000D46AA /* NSArray+FJSCoreDataExtensions.m */ = {isa = PBXFileReference; fileEncoding = 4; lastKnownFileType = sourcecode.c.objc; path = "NSArray+FJSCoreDataExtensions.m"; sourceTree = "<group>"; };
		C4C031D410B1EB9B000D46AA /* NSManagedObjectContext+Extensions.h */ = {isa = PBXFileReference; fileEncoding = 4; lastKnownFileType = sourcecode.c.h; path = "NSManagedObjectContext+Extensions.h"; sourceTree = "<group>"; };
		C4C031D510B1EB9B000D46AA /* NSManagedObjectContext+Extensions.m */ = {isa = PBXFileReference; fileEncoding = 4; lastKnownFileType = sourcecode.c.objc; path = "NSManagedObjectContext+Extensions.m"; sourceTree = "<group>"; };
		C4C031D610B1EB9B000D46AA /* NSString+extensions.h */ = {isa = PBXFileReference; fileEncoding = 4; lastKnownFileType = sourcecode.c.h; path = "NSString+extensions.h"; sourceTree = "<group>"; };
		C4C031D710B1EB9B000D46AA /* NSString+extensions.m */ = {isa = PBXFileReference; fileEncoding = 4; lastKnownFileType = sourcecode.c.objc; path = "NSString+extensions.m"; sourceTree = "<group>"; };
		C4C031DF10B1EBC1000D46AA /* CoreDataFunctions.h */ = {isa = PBXFileReference; fileEncoding = 4; lastKnownFileType = sourcecode.c.h; path = CoreDataFunctions.h; sourceTree = "<group>"; };
		C4C031E010B1EBC1000D46AA /* CoreDataFunctions.m */ = {isa = PBXFileReference; fileEncoding = 4; lastKnownFileType = sourcecode.c.objc; path = CoreDataFunctions.m; sourceTree = "<group>"; };
		C4FA187510B2F4CE0031303E /* CompanyViewController.h */ = {isa = PBXFileReference; fileEncoding = 4; lastKnownFileType = sourcecode.c.h; path = CompanyViewController.h; sourceTree = "<group>"; };
		C4FA187610B2F4CE0031303E /* CompanyViewController.m */ = {isa = PBXFileReference; fileEncoding = 4; lastKnownFileType = sourcecode.c.objc; path = CompanyViewController.m; sourceTree = "<group>"; };
		C4FA187710B2F4CE0031303E /* CompanyViewController.xib */ = {isa = PBXFileReference; lastKnownFileType = file.xib; path = CompanyViewController.xib; sourceTree = "<group>"; };
		C4FA187B10B2F5050031303E /* CompanyScoreCardViewController.h */ = {isa = PBXFileReference; fileEncoding = 4; lastKnownFileType = sourcecode.c.h; path = CompanyScoreCardViewController.h; sourceTree = "<group>"; };
		C4FA187C10B2F5050031303E /* CompanyScoreCardViewController.m */ = {isa = PBXFileReference; fileEncoding = 4; lastKnownFileType = sourcecode.c.objc; path = CompanyScoreCardViewController.m; sourceTree = "<group>"; };
		C4FA18CA10B308FB0031303E /* Company+Extensions.h */ = {isa = PBXFileReference; fileEncoding = 4; lastKnownFileType = sourcecode.c.h; path = "Company+Extensions.h"; sourceTree = "<group>"; };
		C4FA18CB10B308FB0031303E /* Company+Extensions.m */ = {isa = PBXFileReference; fileEncoding = 4; lastKnownFileType = sourcecode.c.objc; path = "Company+Extensions.m"; sourceTree = "<group>"; };
		C4FA192E10B30C180031303E /* DataSource.h */ = {isa = PBXFileReference; fileEncoding = 4; lastKnownFileType = sourcecode.c.h; path = DataSource.h; sourceTree = "<group>"; };
		C4FA192F10B30C180031303E /* DataSource.m */ = {isa = PBXFileReference; fileEncoding = 4; lastKnownFileType = sourcecode.c.objc; path = DataSource.m; sourceTree = "<group>"; };
		C4FA193010B30C180031303E /* PagingScrollViewController.h */ = {isa = PBXFileReference; fileEncoding = 4; lastKnownFileType = sourcecode.c.h; path = PagingScrollViewController.h; sourceTree = "<group>"; };
		C4FA193110B30C180031303E /* PagingScrollViewController.m */ = {isa = PBXFileReference; fileEncoding = 4; lastKnownFileType = sourcecode.c.objc; path = PagingScrollViewController.m; sourceTree = "<group>"; };
		C4FA193210B30C180031303E /* PageViewController.h */ = {isa = PBXFileReference; fileEncoding = 4; lastKnownFileType = sourcecode.c.h; path = PageViewController.h; sourceTree = "<group>"; };
		C4FA193310B30C180031303E /* PageViewController.m */ = {isa = PBXFileReference; fileEncoding = 4; lastKnownFileType = sourcecode.c.objc; path = PageViewController.m; sourceTree = "<group>"; };
		C4FA1C7510B389EB0031303E /* PageView.xib */ = {isa = PBXFileReference; lastKnownFileType = file.xib; path = PageView.xib; sourceTree = "<group>"; };
		C4FA1D7910B45DBB0031303E /* BuyingGuideDev.app */ = {isa = PBXFileReference; explicitFileType = wrapper.application; includeInIndex = 0; path = BuyingGuideDev.app; sourceTree = BUILT_PRODUCTS_DIR; };
		C4FA1D7B10B45DBB0031303E /* BuyingGuide-FJS-Info.plist */ = {isa = PBXFileReference; lastKnownFileType = text.plist.xml; name = "BuyingGuide-FJS-Info.plist"; path = "../BuyingGuide-FJS-Info.plist"; sourceTree = "<group>"; };
		C4FA1D8A10B45E770031303E /* Entitlements.plist */ = {isa = PBXFileReference; fileEncoding = 4; lastKnownFileType = text.plist.xml; path = Entitlements.plist; sourceTree = "<group>"; };
		C4FA1E0510B482FF0031303E /* BrandCellBackground.xib */ = {isa = PBXFileReference; lastKnownFileType = file.xib; path = BrandCellBackground.xib; sourceTree = "<group>"; };
		C4FA1F5210B48E970031303E /* PagingScrollView.xib */ = {isa = PBXFileReference; lastKnownFileType = file.xib; path = PagingScrollView.xib; sourceTree = "<group>"; };
		C4FA200710B4BA570031303E /* UIView-Extensions.h */ = {isa = PBXFileReference; fileEncoding = 4; lastKnownFileType = sourcecode.c.h; path = "UIView-Extensions.h"; sourceTree = "<group>"; };
		C4FA200810B4BA570031303E /* UIColor+extensions.h */ = {isa = PBXFileReference; fileEncoding = 4; lastKnownFileType = sourcecode.c.h; path = "UIColor+extensions.h"; sourceTree = "<group>"; };
		C4FA200910B4BA570031303E /* UIColor+extensions.m */ = {isa = PBXFileReference; fileEncoding = 4; lastKnownFileType = sourcecode.c.objc; path = "UIColor+extensions.m"; sourceTree = "<group>"; };
		C4FA200A10B4BA570031303E /* UIView-Extensions.m */ = {isa = PBXFileReference; fileEncoding = 4; lastKnownFileType = sourcecode.c.objc; path = "UIView-Extensions.m"; sourceTree = "<group>"; };
		C4FA223010B5C81D0031303E /* Company.h */ = {isa = PBXFileReference; fileEncoding = 4; lastKnownFileType = sourcecode.c.h; path = Company.h; sourceTree = "<group>"; };
		C4FA223110B5C81D0031303E /* Company.m */ = {isa = PBXFileReference; fileEncoding = 4; lastKnownFileType = sourcecode.c.objc; path = Company.m; sourceTree = "<group>"; };
		C4FA225910B5C9460031303E /* storedata.sqlite */ = {isa = PBXFileReference; lastKnownFileType = file; path = storedata.sqlite; sourceTree = "<group>"; };
/* End PBXFileReference section */

/* Begin PBXFrameworksBuildPhase section */
		1D60588F0D05DD3D006BFB54 /* Frameworks */ = {
			isa = PBXFrameworksBuildPhase;
			buildActionMask = 2147483647;
			files = (
				1D60589F0D05DD5A006BFB54 /* Foundation.framework in Frameworks */,
				1DF5F4E00D08C38300B7A737 /* UIKit.framework in Frameworks */,
				2892E4100DC94CBA00A64D0F /* CoreGraphics.framework in Frameworks */,
				28860BE50F44EE6400985440 /* CoreData.framework in Frameworks */,
			);
			runOnlyForDeploymentPostprocessing = 0;
		};
		C4FA1D7110B45DBB0031303E /* Frameworks */ = {
			isa = PBXFrameworksBuildPhase;
			buildActionMask = 2147483647;
			files = (
				C4FA1D7210B45DBB0031303E /* Foundation.framework in Frameworks */,
				C4FA1D7310B45DBB0031303E /* UIKit.framework in Frameworks */,
				C4FA1D7410B45DBB0031303E /* CoreGraphics.framework in Frameworks */,
				C4FA1D7510B45DBB0031303E /* CoreData.framework in Frameworks */,
			);
			runOnlyForDeploymentPostprocessing = 0;
		};
/* End PBXFrameworksBuildPhase section */

/* Begin PBXGroup section */
		19C28FACFE9D520D11CA2CBB /* Products */ = {
			isa = PBXGroup;
			children = (
				1D6058910D05DD3D006BFB54 /* BuyingGuide.app */,
				C4FA1D7910B45DBB0031303E /* BuyingGuideDev.app */,
			);
			name = Products;
			sourceTree = "<group>";
		};
		29B97314FDCFA39411CA2CEA /* CustomTemplate */ = {
			isa = PBXGroup;
			children = (
				C4AFF95710B2344200801655 /* Main VIew */,
				C4AFF95510B233F000801655 /* Categories List View */,
				C4340AE510B23D620049791D /* Companies List View */,
				C4FA187A10B2F4D30031303E /* Company */,
				C4AFF95610B2342800801655 /* Application Level */,
				C4C02C4B10B0F413000D46AA /* Core Data */,
				C4C031DE10B1EBAA000D46AA /* Categories */,
				29B97315FDCFA39411CA2CEA /* Other Sources */,
				29B97323FDCFA39411CA2CEA /* Frameworks */,
				19C28FACFE9D520D11CA2CBB /* Products */,
			);
			name = CustomTemplate;
			sourceTree = "<group>";
		};
		29B97315FDCFA39411CA2CEA /* Other Sources */ = {
			isa = PBXGroup;
			children = (
				C4FA1D8A10B45E770031303E /* Entitlements.plist */,
				28A0AAE50D9B0CCF005BE974 /* BuyingGuide_Prefix.pch */,
				29B97316FDCFA39411CA2CEA /* main.m */,
			);
			name = "Other Sources";
			sourceTree = "<group>";
		};
		29B97323FDCFA39411CA2CEA /* Frameworks */ = {
			isa = PBXGroup;
			children = (
				C404437E10B0743700BCCFEC /* Cocoa */,
				C40443DC10B0744700BCCFEC /* Cocoa Touch */,
			);
			name = Frameworks;
			sourceTree = "<group>";
		};
		C404437E10B0743700BCCFEC /* Cocoa */ = {
			isa = PBXGroup;
			children = (
				C404431310B0742700BCCFEC /* CoreData.framework */,
				C404431510B0742700BCCFEC /* Foundation.framework */,
			);
			name = Cocoa;
			sourceTree = "<group>";
		};
		C40443DC10B0744700BCCFEC /* Cocoa Touch */ = {
			isa = PBXGroup;
			children = (
				1DF5F4DF0D08C38300B7A737 /* UIKit.framework */,
				1D30AB110D05D00D00671497 /* Foundation.framework */,
				2892E40F0DC94CBA00A64D0F /* CoreGraphics.framework */,
				28860BE40F44EE6400985440 /* CoreData.framework */,
			);
			name = "Cocoa Touch";
			sourceTree = "<group>";
		};
		C4340AE510B23D620049791D /* Companies List View */ = {
			isa = PBXGroup;
			children = (
				C4340AE210B23D5B0049791D /* CompaniesTableViewController.h */,
				C4340AE310B23D5B0049791D /* CompaniesTableViewController.m */,
				C4AAD3A310B26A8300D393AE /* FilteredCompaniesTableViewController.h */,
				C4AAD3A410B26A8300D393AE /* FilteredCompaniesTableViewController.m */,
			);
			name = "Companies List View";
			path = Classes;
			sourceTree = "<group>";
		};
		C4AFF95510B233F000801655 /* Categories List View */ = {
			isa = PBXGroup;
			children = (
				28C286DF0D94DF7D0034E888 /* CategoriesTableViewController.h */,
				28C286E00D94DF7D0034E888 /* CategoriesTableViewController.m */,
			);
			name = "Categories List View";
			path = Classes;
			sourceTree = "<group>";
		};
		C4AFF95610B2342800801655 /* Application Level */ = {
			isa = PBXGroup;
			children = (
				1D3623240D0F684500981E51 /* BuyingGuideAppDelegate.h */,
				1D3623250D0F684500981E51 /* BuyingGuideAppDelegate.m */,
				28AD735F0D9D9599002E5188 /* MainWindow.xib */,
				8D1107310486CEB800E47090 /* BuyingGuide-Info.plist */,
				C4FA1D7B10B45DBB0031303E /* BuyingGuide-FJS-Info.plist */,
			);
			name = "Application Level";
			path = Classes;
			sourceTree = "<group>";
		};
		C4AFF95710B2344200801655 /* Main VIew */ = {
			isa = PBXGroup;
			children = (
				C4AFF93F10B232F000801655 /* MainViewController.h */,
				C4AFF94010B232F000801655 /* MainViewController.m */,
			);
			name = "Main VIew";
			path = Classes;
			sourceTree = "<group>";
		};
		C4C02C4B10B0F413000D46AA /* Core Data */ = {
			isa = PBXGroup;
			children = (
				C4AFF73710B1FE8E00801655 /* BuyingGuide.xcdatamodel */,
				C4FA225910B5C9460031303E /* storedata.sqlite */,
				C4C02DD110B1A83F000D46AA /* bgdata.csv */,
				C4C02DFA10B1B71B000D46AA /* Brand.h */,
				C4C02DFB10B1B71B000D46AA /* Brand.m */,
				C4FA223010B5C81D0031303E /* Company.h */,
				C4FA223110B5C81D0031303E /* Company.m */,
				C4C02C4610B0F401000D46AA /* Category.h */,
				C4C02C4710B0F401000D46AA /* Category.m */,
				C4C031DF10B1EBC1000D46AA /* CoreDataFunctions.h */,
				C4C031E010B1EBC1000D46AA /* CoreDataFunctions.m */,
				C4FA18CA10B308FB0031303E /* Company+Extensions.h */,
				C4FA18CB10B308FB0031303E /* Company+Extensions.m */,
			);
			name = "Core Data";
			sourceTree = "<group>";
		};
		C4C031DE10B1EBAA000D46AA /* Categories */ = {
			isa = PBXGroup;
			children = (
				C4FA200810B4BA570031303E /* UIColor+extensions.h */,
				C4FA200910B4BA570031303E /* UIColor+extensions.m */,
				C4FA200710B4BA570031303E /* UIView-Extensions.h */,
				C4FA200A10B4BA570031303E /* UIView-Extensions.m */,
				C4AFF98F10B2388600801655 /* UIBarButtonItem+extensions.h */,
				C4AFF99010B2388600801655 /* UIBarButtonItem+extensions.m */,
				C4C031D210B1EB9B000D46AA /* NSArray+FJSCoreDataExtensions.h */,
				C4C031D310B1EB9B000D46AA /* NSArray+FJSCoreDataExtensions.m */,
				C4C031D410B1EB9B000D46AA /* NSManagedObjectContext+Extensions.h */,
				C4C031D510B1EB9B000D46AA /* NSManagedObjectContext+Extensions.m */,
				C4C031D610B1EB9B000D46AA /* NSString+extensions.h */,
				C4C031D710B1EB9B000D46AA /* NSString+extensions.m */,
			);
			name = Categories;
			sourceTree = "<group>";
		};
		C4FA187A10B2F4D30031303E /* Company */ = {
			isa = PBXGroup;
			children = (
				C4FA187510B2F4CE0031303E /* CompanyViewController.h */,
				C4FA187610B2F4CE0031303E /* CompanyViewController.m */,
				C4FA187710B2F4CE0031303E /* CompanyViewController.xib */,
				C4FA187B10B2F5050031303E /* CompanyScoreCardViewController.h */,
				C4FA187C10B2F5050031303E /* CompanyScoreCardViewController.m */,
				C4FA193810B30C200031303E /* Brand Scroll View */,
			);
			name = Company;
			path = Classes;
			sourceTree = "<group>";
		};
		C4FA193810B30C200031303E /* Brand Scroll View */ = {
			isa = PBXGroup;
			children = (
				C4FA192E10B30C180031303E /* DataSource.h */,
				C4FA192F10B30C180031303E /* DataSource.m */,
				C4FA193010B30C180031303E /* PagingScrollViewController.h */,
				C4FA193110B30C180031303E /* PagingScrollViewController.m */,
				C4FA1F5210B48E970031303E /* PagingScrollView.xib */,
				C4FA1C9C10B38F2A0031303E /* Category Table */,
			);
			name = "Brand Scroll View";
			sourceTree = "<group>";
		};
		C4FA1C9C10B38F2A0031303E /* Category Table */ = {
			isa = PBXGroup;
			children = (
				C4FA193210B30C180031303E /* PageViewController.h */,
				C4FA193310B30C180031303E /* PageViewController.m */,
				C4FA1C7510B389EB0031303E /* PageView.xib */,
				C4FA1E0510B482FF0031303E /* BrandCellBackground.xib */,
			);
			name = "Category Table";
			sourceTree = "<group>";
		};
/* End PBXGroup section */

/* Begin PBXNativeTarget section */
		1D6058900D05DD3D006BFB54 /* BuyingGuide */ = {
			isa = PBXNativeTarget;
			buildConfigurationList = 1D6058960D05DD3E006BFB54 /* Build configuration list for PBXNativeTarget "BuyingGuide" */;
			buildPhases = (
				1D60588D0D05DD3D006BFB54 /* Resources */,
				1D60588E0D05DD3D006BFB54 /* Sources */,
				1D60588F0D05DD3D006BFB54 /* Frameworks */,
			);
			buildRules = (
			);
			dependencies = (
			);
			name = BuyingGuide;
			productName = BuyingGuide;
			productReference = 1D6058910D05DD3D006BFB54 /* BuyingGuide.app */;
			productType = "com.apple.product-type.application";
		};
		C4FA1D5410B45DBB0031303E /* BuyingGuide FJS */ = {
			isa = PBXNativeTarget;
			buildConfigurationList = C4FA1D7610B45DBB0031303E /* Build configuration list for PBXNativeTarget "BuyingGuide FJS" */;
			buildPhases = (
				C4FA1D5510B45DBB0031303E /* Resources */,
				C4FA1D5B10B45DBB0031303E /* Sources */,
				C4FA1D7110B45DBB0031303E /* Frameworks */,
			);
			buildRules = (
			);
			dependencies = (
			);
			name = "BuyingGuide FJS";
			productName = BuyingGuide;
			productReference = C4FA1D7910B45DBB0031303E /* BuyingGuideDev.app */;
			productType = "com.apple.product-type.application";
		};
/* End PBXNativeTarget section */

/* Begin PBXProject section */
		29B97313FDCFA39411CA2CEA /* Project object */ = {
			isa = PBXProject;
			buildConfigurationList = C01FCF4E08A954540054247B /* Build configuration list for PBXProject "BuyingGuide" */;
			compatibilityVersion = "Xcode 3.1";
			hasScannedForEncodings = 1;
			knownRegions = (
				English,
				Japanese,
				French,
				German,
				en,
			);
			mainGroup = 29B97314FDCFA39411CA2CEA /* CustomTemplate */;
			projectDirPath = "";
			projectRoot = "";
			targets = (
				1D6058900D05DD3D006BFB54 /* BuyingGuide */,
				C4FA1D5410B45DBB0031303E /* BuyingGuide FJS */,
			);
		};
/* End PBXProject section */

/* Begin PBXResourcesBuildPhase section */
		1D60588D0D05DD3D006BFB54 /* Resources */ = {
			isa = PBXResourcesBuildPhase;
			buildActionMask = 2147483647;
			files = (
				28AD73600D9D9599002E5188 /* MainWindow.xib in Resources */,
				C4C02DD210B1A83F000D46AA /* bgdata.csv in Resources */,
				C4FA187910B2F4CE0031303E /* CompanyViewController.xib in Resources */,
				C4FA1C7610B389EB0031303E /* PageView.xib in Resources */,
				C4FA1D8B10B45E770031303E /* Entitlements.plist in Resources */,
				C4FA1E0610B482FF0031303E /* BrandCellBackground.xib in Resources */,
				C4FA1F5310B48E970031303E /* PagingScrollView.xib in Resources */,
				C4FA225A10B5C9460031303E /* storedata.sqlite in Resources */,
			);
			runOnlyForDeploymentPostprocessing = 0;
		};
		C4FA1D5510B45DBB0031303E /* Resources */ = {
			isa = PBXResourcesBuildPhase;
			buildActionMask = 2147483647;
			files = (
				C4FA1D5610B45DBB0031303E /* MainWindow.xib in Resources */,
				C4FA1D5710B45DBB0031303E /* bgdata.csv in Resources */,
				C4FA1D5910B45DBB0031303E /* CompanyViewController.xib in Resources */,
				C4FA1D5A10B45DBB0031303E /* PageView.xib in Resources */,
				C4FA1E0710B482FF0031303E /* BrandCellBackground.xib in Resources */,
				C4FA1F5410B48E970031303E /* PagingScrollView.xib in Resources */,
				C4FA225B10B5C9460031303E /* storedata.sqlite in Resources */,
			);
			runOnlyForDeploymentPostprocessing = 0;
		};
/* End PBXResourcesBuildPhase section */

/* Begin PBXSourcesBuildPhase section */
		1D60588E0D05DD3D006BFB54 /* Sources */ = {
			isa = PBXSourcesBuildPhase;
			buildActionMask = 2147483647;
			files = (
				1D60589B0D05DD56006BFB54 /* main.m in Sources */,
				1D3623260D0F684500981E51 /* BuyingGuideAppDelegate.m in Sources */,
				28C286E10D94DF7D0034E888 /* CategoriesTableViewController.m in Sources */,
				C4C02C4A10B0F401000D46AA /* Category.m in Sources */,
				C4C02DFC10B1B71B000D46AA /* Brand.m in Sources */,
				C4C031DA10B1EB9B000D46AA /* NSArray+FJSCoreDataExtensions.m in Sources */,
				C4C031DB10B1EB9B000D46AA /* NSManagedObjectContext+Extensions.m in Sources */,
				C4C031DC10B1EB9B000D46AA /* NSString+extensions.m in Sources */,
				C4C031E110B1EBC1000D46AA /* CoreDataFunctions.m in Sources */,
				C4AFF73810B1FE8E00801655 /* BuyingGuide.xcdatamodel in Sources */,
				C4AFF94110B232F000801655 /* MainViewController.m in Sources */,
				C4AFF99110B2388600801655 /* UIBarButtonItem+extensions.m in Sources */,
				C4340AE410B23D5B0049791D /* CompaniesTableViewController.m in Sources */,
				C4AAD3A510B26A8300D393AE /* FilteredCompaniesTableViewController.m in Sources */,
				C4FA187810B2F4CE0031303E /* CompanyViewController.m in Sources */,
				C4FA187D10B2F5050031303E /* CompanyScoreCardViewController.m in Sources */,
				C4FA18CC10B308FB0031303E /* Company+Extensions.m in Sources */,
				C4FA193510B30C180031303E /* DataSource.m in Sources */,
				C4FA193610B30C180031303E /* PagingScrollViewController.m in Sources */,
				C4FA193710B30C180031303E /* PageViewController.m in Sources */,
				C4FA200B10B4BA570031303E /* UIColor+extensions.m in Sources */,
				C4FA200C10B4BA570031303E /* UIView-Extensions.m in Sources */,
				C4FA223210B5C81D0031303E /* Company.m in Sources */,
			);
			runOnlyForDeploymentPostprocessing = 0;
		};
		C4FA1D5B10B45DBB0031303E /* Sources */ = {
			isa = PBXSourcesBuildPhase;
			buildActionMask = 2147483647;
			files = (
				C4FA1D5C10B45DBB0031303E /* main.m in Sources */,
				C4FA1D5D10B45DBB0031303E /* BuyingGuideAppDelegate.m in Sources */,
				C4FA1D5E10B45DBB0031303E /* CategoriesTableViewController.m in Sources */,
				C4FA1D5F10B45DBB0031303E /* Category.m in Sources */,
				C4FA1D6010B45DBB0031303E /* Brand.m in Sources */,
				C4FA1D6110B45DBB0031303E /* NSArray+FJSCoreDataExtensions.m in Sources */,
				C4FA1D6210B45DBB0031303E /* NSManagedObjectContext+Extensions.m in Sources */,
				C4FA1D6310B45DBB0031303E /* NSString+extensions.m in Sources */,
				C4FA1D6410B45DBB0031303E /* CoreDataFunctions.m in Sources */,
				C4FA1D6510B45DBB0031303E /* BuyingGuide.xcdatamodel in Sources */,
				C4FA1D6610B45DBB0031303E /* MainViewController.m in Sources */,
				C4FA1D6710B45DBB0031303E /* UIBarButtonItem+extensions.m in Sources */,
				C4FA1D6810B45DBB0031303E /* CompaniesTableViewController.m in Sources */,
				C4FA1D6A10B45DBB0031303E /* FilteredCompaniesTableViewController.m in Sources */,
				C4FA1D6B10B45DBB0031303E /* CompanyViewController.m in Sources */,
				C4FA1D6C10B45DBB0031303E /* CompanyScoreCardViewController.m in Sources */,
				C4FA1D6D10B45DBB0031303E /* Company+Extensions.m in Sources */,
				C4FA1D6E10B45DBB0031303E /* DataSource.m in Sources */,
				C4FA1D6F10B45DBB0031303E /* PagingScrollViewController.m in Sources */,
				C4FA1D7010B45DBB0031303E /* PageViewController.m in Sources */,
				C4FA200D10B4BA570031303E /* UIColor+extensions.m in Sources */,
				C4FA200E10B4BA570031303E /* UIView-Extensions.m in Sources */,
				C4FA223310B5C81D0031303E /* Company.m in Sources */,
			);
			runOnlyForDeploymentPostprocessing = 0;
		};
/* End PBXSourcesBuildPhase section */

/* Begin XCBuildConfiguration section */
		1D6058940D05DD3E006BFB54 /* Debug */ = {
			isa = XCBuildConfiguration;
			buildSettings = {
				ALWAYS_SEARCH_USER_PATHS = NO;
				COPY_PHASE_STRIP = NO;
				GCC_DYNAMIC_NO_PIC = NO;
				GCC_OPTIMIZATION_LEVEL = 0;
				GCC_PRECOMPILE_PREFIX_HEADER = YES;
				GCC_PREFIX_HEADER = BuyingGuide_Prefix.pch;
				INFOPLIST_FILE = "BuyingGuide-Info.plist";
				PRODUCT_NAME = BuyingGuide;
			};
			name = Debug;
		};
		1D6058950D05DD3E006BFB54 /* Release */ = {
			isa = XCBuildConfiguration;
			buildSettings = {
				ALWAYS_SEARCH_USER_PATHS = NO;
				COPY_PHASE_STRIP = YES;
				GCC_PRECOMPILE_PREFIX_HEADER = YES;
				GCC_PREFIX_HEADER = BuyingGuide_Prefix.pch;
				INFOPLIST_FILE = "BuyingGuide-Info.plist";
				PRODUCT_NAME = BuyingGuide;
			};
			name = Release;
		};
		C01FCF4F08A954540054247B /* Debug */ = {
			isa = XCBuildConfiguration;
			buildSettings = {
				ARCHS = "$(ARCHS_STANDARD_32_BIT)";
				"CODE_SIGN_IDENTITY[sdk=iphoneos*]" = "iPhone Developer";
				GCC_C_LANGUAGE_STANDARD = c99;
				GCC_WARN_ABOUT_RETURN_TYPE = YES;
				GCC_WARN_UNUSED_VARIABLE = YES;
				PREBINDING = NO;
				SDKROOT = iphoneos3.1.2;
			};
			name = Debug;
		};
		C01FCF5008A954540054247B /* Release */ = {
			isa = XCBuildConfiguration;
			buildSettings = {
				ARCHS = "$(ARCHS_STANDARD_32_BIT)";
				"CODE_SIGN_IDENTITY[sdk=iphoneos*]" = "iPhone Developer";
				GCC_C_LANGUAGE_STANDARD = c99;
				GCC_WARN_ABOUT_RETURN_TYPE = YES;
				GCC_WARN_UNUSED_VARIABLE = YES;
				PREBINDING = NO;
				SDKROOT = iphoneos3.1.2;
			};
			name = Release;
		};
		C4FA1D7710B45DBB0031303E /* Debug */ = {
			isa = XCBuildConfiguration;
			buildSettings = {
				ALWAYS_SEARCH_USER_PATHS = NO;
				COPY_PHASE_STRIP = NO;
				GCC_DYNAMIC_NO_PIC = NO;
				GCC_OPTIMIZATION_LEVEL = 0;
				GCC_PRECOMPILE_PREFIX_HEADER = YES;
				GCC_PREFIX_HEADER = BuyingGuide_Prefix.pch;
				INFOPLIST_FILE = "../BuyingGuide-FJS-Info.plist";
				PRODUCT_NAME = BuyingGuideDev;
			};
			name = Debug;
		};
		C4FA1D7810B45DBB0031303E /* Release */ = {
			isa = XCBuildConfiguration;
			buildSettings = {
				ALWAYS_SEARCH_USER_PATHS = NO;
				COPY_PHASE_STRIP = YES;
				GCC_PRECOMPILE_PREFIX_HEADER = YES;
				GCC_PREFIX_HEADER = BuyingGuide_Prefix.pch;
				INFOPLIST_FILE = "../BuyingGuide-Info copy.plist";
				PRODUCT_NAME = BuyingGuide;
			};
			name = Release;
		};
/* End XCBuildConfiguration section */

/* Begin XCConfigurationList section */
		1D6058960D05DD3E006BFB54 /* Build configuration list for PBXNativeTarget "BuyingGuide" */ = {
			isa = XCConfigurationList;
			buildConfigurations = (
				1D6058940D05DD3E006BFB54 /* Debug */,
				1D6058950D05DD3E006BFB54 /* Release */,
			);
			defaultConfigurationIsVisible = 0;
			defaultConfigurationName = Release;
		};
		C01FCF4E08A954540054247B /* Build configuration list for PBXProject "BuyingGuide" */ = {
			isa = XCConfigurationList;
			buildConfigurations = (
				C01FCF4F08A954540054247B /* Debug */,
				C01FCF5008A954540054247B /* Release */,
			);
			defaultConfigurationIsVisible = 0;
			defaultConfigurationName = Release;
		};
		C4FA1D7610B45DBB0031303E /* Build configuration list for PBXNativeTarget "BuyingGuide FJS" */ = {
			isa = XCConfigurationList;
			buildConfigurations = (
				C4FA1D7710B45DBB0031303E /* Debug */,
				C4FA1D7810B45DBB0031303E /* Release */,
			);
			defaultConfigurationIsVisible = 0;
			defaultConfigurationName = Release;
		};
/* End XCConfigurationList section */
	};
	rootObject = 29B97313FDCFA39411CA2CEA /* Project object */;
}
